// !$*UTF8*$!
{
	archiveVersion = 1;
	classes = {
	};
	objectVersion = 56;
	objects = {

/* Begin PBXBuildFile section */
		853A3DA82C3593A40042A0A4 /* Payment Models.swift in Sources */ = {isa = PBXBuildFile; fileRef = 853A3D7E2C3593A40042A0A4 /* Payment Models.swift */; };
		853A3DA92C3593A40042A0A4 /* Model.xcdatamodeld in Sources */ = {isa = PBXBuildFile; fileRef = 853A3D812C3593A40042A0A4 /* Model.xcdatamodeld */; };
		853A3DAA2C3593A40042A0A4 /* AppDelegate.swift in Sources */ = {isa = PBXBuildFile; fileRef = 853A3D842C3593A40042A0A4 /* AppDelegate.swift */; };
		853A3DAB2C3593A40042A0A4 /* SceneDelegate.swift in Sources */ = {isa = PBXBuildFile; fileRef = 853A3D852C3593A40042A0A4 /* SceneDelegate.swift */; };
		853A3DAC2C3593A40042A0A4 /* TabBarController.swift in Sources */ = {isa = PBXBuildFile; fileRef = 853A3D862C3593A40042A0A4 /* TabBarController.swift */; };
		853A3DAD2C3593A40042A0A4 /* Assets.xcassets in Resources */ = {isa = PBXBuildFile; fileRef = 853A3D882C3593A40042A0A4 /* Assets.xcassets */; };
		853A3DAE2C3593A40042A0A4 /* LaunchScreen.storyboard in Resources */ = {isa = PBXBuildFile; fileRef = 853A3D8A2C3593A40042A0A4 /* LaunchScreen.storyboard */; };
		853A3DAF2C3593A40042A0A4 /* Main.storyboard in Resources */ = {isa = PBXBuildFile; fileRef = 853A3D8C2C3593A40042A0A4 /* Main.storyboard */; };
		853A3DB02C3593A40042A0A4 /* BudgetView.swift in Sources */ = {isa = PBXBuildFile; fileRef = 853A3D912C3593A40042A0A4 /* BudgetView.swift */; };
		853A3DB12C3593A40042A0A4 /* NavigationRectangle.swift in Sources */ = {isa = PBXBuildFile; fileRef = 853A3D922C3593A40042A0A4 /* NavigationRectangle.swift */; };
		853A3DB22C3593A40042A0A4 /* SubscriptionView.swift in Sources */ = {isa = PBXBuildFile; fileRef = 853A3D932C3593A40042A0A4 /* SubscriptionView.swift */; };
		853A3DB32C3593A40042A0A4 /* DashboardVC.swift in Sources */ = {isa = PBXBuildFile; fileRef = 853A3D952C3593A40042A0A4 /* DashboardVC.swift */; };
		853A3DB42C3593A40042A0A4 /* DashboardVM.swift in Sources */ = {isa = PBXBuildFile; fileRef = 853A3D962C3593A40042A0A4 /* DashboardVM.swift */; };
		853A3DB52C3593A40042A0A4 /* AddSubscriptionVC.swift in Sources */ = {isa = PBXBuildFile; fileRef = 853A3D982C3593A40042A0A4 /* AddSubscriptionVC.swift */; };
		853A3DB62C3593A40042A0A4 /* AddBudgetsVC.swift in Sources */ = {isa = PBXBuildFile; fileRef = 853A3D9A2C3593A40042A0A4 /* AddBudgetsVC.swift */; };
		853A3DB72C3593A40042A0A4 /* RecurringVC.swift in Sources */ = {isa = PBXBuildFile; fileRef = 853A3D9D2C3593A40042A0A4 /* RecurringVC.swift */; };
		853A3DB82C3593A40042A0A4 /* RecurringVM.swift in Sources */ = {isa = PBXBuildFile; fileRef = 853A3D9E2C3593A40042A0A4 /* RecurringVM.swift */; };
		853A3DB92C3593A40042A0A4 /* BasicExpenseBudgetModel.swift in Sources */ = {isa = PBXBuildFile; fileRef = 853A3DA12C3593A40042A0A4 /* BasicExpenseBudgetModel.swift */; };
		853A3DBA2C3593A40042A0A4 /* BasicExpenseModel.swift in Sources */ = {isa = PBXBuildFile; fileRef = 853A3DA22C3593A40042A0A4 /* BasicExpenseModel.swift */; };
		853A3DBB2C3593A40042A0A4 /* SubscriptionExpenseModel.swift in Sources */ = {isa = PBXBuildFile; fileRef = 853A3DA32C3593A40042A0A4 /* SubscriptionExpenseModel.swift */; };
		853A3DBC2C3593A40042A0A4 /* DataManager.swift in Sources */ = {isa = PBXBuildFile; fileRef = 853A3DA52C3593A40042A0A4 /* DataManager.swift */; };
		853A3DBD2C3593A40042A0A4 /* Subscription Occurances.swift in Sources */ = {isa = PBXBuildFile; fileRef = 853A3DA62C3593A40042A0A4 /* Subscription Occurances.swift */; };
		853A3DBF2C35CBDA0042A0A4 /* PaymentExpenseModel.swift in Sources */ = {isa = PBXBuildFile; fileRef = 853A3DBE2C35CBDA0042A0A4 /* PaymentExpenseModel.swift */; };
		853A3DC12C35CD190042A0A4 /* Payment Occurances.swift in Sources */ = {isa = PBXBuildFile; fileRef = 853A3DC02C35CD190042A0A4 /* Payment Occurances.swift */; };
		853A3DC32C35CF3E0042A0A4 /* BudgetsVM.swift in Sources */ = {isa = PBXBuildFile; fileRef = 853A3DC22C35CF3E0042A0A4 /* BudgetsVM.swift */; };
		853A3DC52C35D1030042A0A4 /* BudgetsVC.swift in Sources */ = {isa = PBXBuildFile; fileRef = 853A3DC42C35D1030042A0A4 /* BudgetsVC.swift */; };
		853A3DC72C35D22D0042A0A4 /* Expense:Budget service.swift in Sources */ = {isa = PBXBuildFile; fileRef = 853A3DC62C35D22D0042A0A4 /* Expense:Budget service.swift */; };
		853A3DCA2C35DC210042A0A4 /* BudgetDetailViewController.swift in Sources */ = {isa = PBXBuildFile; fileRef = 853A3DC92C35DC210042A0A4 /* BudgetDetailViewController.swift */; };
		853A3DCD2C35E4F00042A0A4 /* CustomBudgetCell.swift in Sources */ = {isa = PBXBuildFile; fileRef = 853A3DCC2C35E4F00042A0A4 /* CustomBudgetCell.swift */; };
		853A3DCF2C35E84D0042A0A4 /* NumberFormatter.swift in Sources */ = {isa = PBXBuildFile; fileRef = 853A3DCE2C35E84D0042A0A4 /* NumberFormatter.swift */; };
		853A3DD12C35F6460042A0A4 /* UIColor.swift in Sources */ = {isa = PBXBuildFile; fileRef = 853A3DD02C35F6460042A0A4 /* UIColor.swift */; };
		853A3DD32C35F66A0042A0A4 /* Color.swift in Sources */ = {isa = PBXBuildFile; fileRef = 853A3DD22C35F66A0042A0A4 /* Color.swift */; };
		853A3DD52C35FC990042A0A4 /* SegmentedView.swift in Sources */ = {isa = PBXBuildFile; fileRef = 853A3DD42C35FC990042A0A4 /* SegmentedView.swift */; };
		853A3DD92C360B7C0042A0A4 /* ExpensesVC.swift in Sources */ = {isa = PBXBuildFile; fileRef = 853A3DD82C360B7C0042A0A4 /* ExpensesVC.swift */; };
		85B85B052C36D83100AAD046 /* AddExpenseVC.swift in Sources */ = {isa = PBXBuildFile; fileRef = 85B85B042C36D83100AAD046 /* AddExpenseVC.swift */; };
		85B85B072C36DB4C00AAD046 /* CustomExpenseCell.swift in Sources */ = {isa = PBXBuildFile; fileRef = 85B85B062C36DB4C00AAD046 /* CustomExpenseCell.swift */; };
		85B85B092C36FC9400AAD046 /* FavoriteBudgetsModel.swift in Sources */ = {isa = PBXBuildFile; fileRef = 85B85B082C36FC9400AAD046 /* FavoriteBudgetsModel.swift */; };
/* End PBXBuildFile section */

/* Begin PBXFileReference section */
		853A3D672C3592BF0042A0A4 /* Budgeting Application.app */ = {isa = PBXFileReference; explicitFileType = wrapper.application; includeInIndex = 0; path = "Budgeting Application.app"; sourceTree = BUILT_PRODUCTS_DIR; };
		853A3D782C3592C20042A0A4 /* Info.plist */ = {isa = PBXFileReference; lastKnownFileType = text.plist.xml; path = Info.plist; sourceTree = "<group>"; };
		853A3D7E2C3593A40042A0A4 /* Payment Models.swift */ = {isa = PBXFileReference; fileEncoding = 4; lastKnownFileType = sourcecode.swift; path = "Payment Models.swift"; sourceTree = "<group>"; };
		853A3D832C3593A40042A0A4 /* Model.xcdatamodel */ = {isa = PBXFileReference; lastKnownFileType = wrapper.xcdatamodel; path = Model.xcdatamodel; sourceTree = "<group>"; };
		853A3D842C3593A40042A0A4 /* AppDelegate.swift */ = {isa = PBXFileReference; fileEncoding = 4; lastKnownFileType = sourcecode.swift; path = AppDelegate.swift; sourceTree = "<group>"; };
		853A3D852C3593A40042A0A4 /* SceneDelegate.swift */ = {isa = PBXFileReference; fileEncoding = 4; lastKnownFileType = sourcecode.swift; path = SceneDelegate.swift; sourceTree = "<group>"; };
		853A3D862C3593A40042A0A4 /* TabBarController.swift */ = {isa = PBXFileReference; fileEncoding = 4; lastKnownFileType = sourcecode.swift; path = TabBarController.swift; sourceTree = "<group>"; };
		853A3D882C3593A40042A0A4 /* Assets.xcassets */ = {isa = PBXFileReference; lastKnownFileType = folder.assetcatalog; path = Assets.xcassets; sourceTree = "<group>"; };
		853A3D892C3593A40042A0A4 /* Base */ = {isa = PBXFileReference; lastKnownFileType = file.storyboard; name = Base; path = Base.lproj/LaunchScreen.storyboard; sourceTree = "<group>"; };
		853A3D8B2C3593A40042A0A4 /* Base */ = {isa = PBXFileReference; lastKnownFileType = file.storyboard; name = Base; path = Base.lproj/Main.storyboard; sourceTree = "<group>"; };
		853A3D912C3593A40042A0A4 /* BudgetView.swift */ = {isa = PBXFileReference; fileEncoding = 4; lastKnownFileType = sourcecode.swift; path = BudgetView.swift; sourceTree = "<group>"; };
		853A3D922C3593A40042A0A4 /* NavigationRectangle.swift */ = {isa = PBXFileReference; fileEncoding = 4; lastKnownFileType = sourcecode.swift; path = NavigationRectangle.swift; sourceTree = "<group>"; };
		853A3D932C3593A40042A0A4 /* SubscriptionView.swift */ = {isa = PBXFileReference; fileEncoding = 4; lastKnownFileType = sourcecode.swift; path = SubscriptionView.swift; sourceTree = "<group>"; };
		853A3D952C3593A40042A0A4 /* DashboardVC.swift */ = {isa = PBXFileReference; fileEncoding = 4; lastKnownFileType = sourcecode.swift; path = DashboardVC.swift; sourceTree = "<group>"; };
		853A3D962C3593A40042A0A4 /* DashboardVM.swift */ = {isa = PBXFileReference; fileEncoding = 4; lastKnownFileType = sourcecode.swift; path = DashboardVM.swift; sourceTree = "<group>"; };
		853A3D982C3593A40042A0A4 /* AddSubscriptionVC.swift */ = {isa = PBXFileReference; fileEncoding = 4; lastKnownFileType = sourcecode.swift; path = AddSubscriptionVC.swift; sourceTree = "<group>"; };
		853A3D9A2C3593A40042A0A4 /* AddBudgetsVC.swift */ = {isa = PBXFileReference; fileEncoding = 4; lastKnownFileType = sourcecode.swift; path = AddBudgetsVC.swift; sourceTree = "<group>"; };
		853A3D9D2C3593A40042A0A4 /* RecurringVC.swift */ = {isa = PBXFileReference; fileEncoding = 4; lastKnownFileType = sourcecode.swift; path = RecurringVC.swift; sourceTree = "<group>"; };
		853A3D9E2C3593A40042A0A4 /* RecurringVM.swift */ = {isa = PBXFileReference; fileEncoding = 4; lastKnownFileType = sourcecode.swift; path = RecurringVM.swift; sourceTree = "<group>"; };
		853A3DA12C3593A40042A0A4 /* BasicExpenseBudgetModel.swift */ = {isa = PBXFileReference; fileEncoding = 4; lastKnownFileType = sourcecode.swift; path = BasicExpenseBudgetModel.swift; sourceTree = "<group>"; };
		853A3DA22C3593A40042A0A4 /* BasicExpenseModel.swift */ = {isa = PBXFileReference; fileEncoding = 4; lastKnownFileType = sourcecode.swift; path = BasicExpenseModel.swift; sourceTree = "<group>"; };
		853A3DA32C3593A40042A0A4 /* SubscriptionExpenseModel.swift */ = {isa = PBXFileReference; fileEncoding = 4; lastKnownFileType = sourcecode.swift; path = SubscriptionExpenseModel.swift; sourceTree = "<group>"; };
		853A3DA52C3593A40042A0A4 /* DataManager.swift */ = {isa = PBXFileReference; fileEncoding = 4; lastKnownFileType = sourcecode.swift; path = DataManager.swift; sourceTree = "<group>"; };
		853A3DA62C3593A40042A0A4 /* Subscription Occurances.swift */ = {isa = PBXFileReference; fileEncoding = 4; lastKnownFileType = sourcecode.swift; path = "Subscription Occurances.swift"; sourceTree = "<group>"; };
		853A3DBE2C35CBDA0042A0A4 /* PaymentExpenseModel.swift */ = {isa = PBXFileReference; lastKnownFileType = sourcecode.swift; path = PaymentExpenseModel.swift; sourceTree = "<group>"; };
		853A3DC02C35CD190042A0A4 /* Payment Occurances.swift */ = {isa = PBXFileReference; lastKnownFileType = sourcecode.swift; path = "Payment Occurances.swift"; sourceTree = "<group>"; };
		853A3DC22C35CF3E0042A0A4 /* BudgetsVM.swift */ = {isa = PBXFileReference; lastKnownFileType = sourcecode.swift; path = BudgetsVM.swift; sourceTree = "<group>"; };
		853A3DC42C35D1030042A0A4 /* BudgetsVC.swift */ = {isa = PBXFileReference; lastKnownFileType = sourcecode.swift; path = BudgetsVC.swift; sourceTree = "<group>"; };
		853A3DC62C35D22D0042A0A4 /* Expense:Budget service.swift */ = {isa = PBXFileReference; lastKnownFileType = sourcecode.swift; path = "Expense:Budget service.swift"; sourceTree = "<group>"; };
		853A3DC92C35DC210042A0A4 /* BudgetDetailViewController.swift */ = {isa = PBXFileReference; lastKnownFileType = sourcecode.swift; path = BudgetDetailViewController.swift; sourceTree = "<group>"; };
		853A3DCC2C35E4F00042A0A4 /* CustomBudgetCell.swift */ = {isa = PBXFileReference; lastKnownFileType = sourcecode.swift; path = CustomBudgetCell.swift; sourceTree = "<group>"; };
		853A3DCE2C35E84D0042A0A4 /* NumberFormatter.swift */ = {isa = PBXFileReference; lastKnownFileType = sourcecode.swift; path = NumberFormatter.swift; sourceTree = "<group>"; };
		853A3DD02C35F6460042A0A4 /* UIColor.swift */ = {isa = PBXFileReference; lastKnownFileType = sourcecode.swift; path = UIColor.swift; sourceTree = "<group>"; };
		853A3DD22C35F66A0042A0A4 /* Color.swift */ = {isa = PBXFileReference; lastKnownFileType = sourcecode.swift; path = Color.swift; sourceTree = "<group>"; };
		853A3DD42C35FC990042A0A4 /* SegmentedView.swift */ = {isa = PBXFileReference; lastKnownFileType = sourcecode.swift; path = SegmentedView.swift; sourceTree = "<group>"; };
		853A3DD82C360B7C0042A0A4 /* ExpensesVC.swift */ = {isa = PBXFileReference; lastKnownFileType = sourcecode.swift; path = ExpensesVC.swift; sourceTree = "<group>"; };
		85B85B042C36D83100AAD046 /* AddExpenseVC.swift */ = {isa = PBXFileReference; lastKnownFileType = sourcecode.swift; path = AddExpenseVC.swift; sourceTree = "<group>"; };
		85B85B062C36DB4C00AAD046 /* CustomExpenseCell.swift */ = {isa = PBXFileReference; lastKnownFileType = sourcecode.swift; path = CustomExpenseCell.swift; sourceTree = "<group>"; };
		85B85B082C36FC9400AAD046 /* FavoriteBudgetsModel.swift */ = {isa = PBXFileReference; lastKnownFileType = sourcecode.swift; path = FavoriteBudgetsModel.swift; sourceTree = "<group>"; };
/* End PBXFileReference section */

/* Begin PBXFrameworksBuildPhase section */
		853A3D642C3592BF0042A0A4 /* Frameworks */ = {
			isa = PBXFrameworksBuildPhase;
			buildActionMask = 2147483647;
			files = (
			);
			runOnlyForDeploymentPostprocessing = 0;
		};
/* End PBXFrameworksBuildPhase section */

/* Begin PBXGroup section */
		853A3D5E2C3592BF0042A0A4 = {
			isa = PBXGroup;
			children = (
				853A3D692C3592BF0042A0A4 /* Budgeting Application */,
				853A3D682C3592BF0042A0A4 /* Products */,
			);
			sourceTree = "<group>";
		};
		853A3D682C3592BF0042A0A4 /* Products */ = {
			isa = PBXGroup;
			children = (
				853A3D672C3592BF0042A0A4 /* Budgeting Application.app */,
			);
			name = Products;
			sourceTree = "<group>";
		};
		853A3D692C3592BF0042A0A4 /* Budgeting Application */ = {
			isa = PBXGroup;
			children = (
				853A3D872C3593A40042A0A4 /* App */,
				853A3D822C3593A40042A0A4 /* CoreData */,
				853A3D8E2C3593A40042A0A4 /* Extensions */,
				853A3D7F2C3593A40042A0A4 /* Models */,
				853A3D8D2C3593A40042A0A4 /* Resources */,
				853A3D802C3593A40042A0A4 /* Reusable */,
				853A3DA02C3593A40042A0A4 /* Scene */,
				853A3DA72C3593A40042A0A4 /* Services */,
				853A3D782C3592C20042A0A4 /* Info.plist */,
			);
			path = "Budgeting Application";
			sourceTree = "<group>";
		};
		853A3D7F2C3593A40042A0A4 /* Models */ = {
			isa = PBXGroup;
			children = (
				853A3D7E2C3593A40042A0A4 /* Payment Models.swift */,
			);
			path = Models;
			sourceTree = "<group>";
		};
		853A3D802C3593A40042A0A4 /* Reusable */ = {
			isa = PBXGroup;
			children = (
				853A3DD42C35FC990042A0A4 /* SegmentedView.swift */,
			);
			path = Reusable;
			sourceTree = "<group>";
		};
		853A3D822C3593A40042A0A4 /* CoreData */ = {
			isa = PBXGroup;
			children = (
				853A3D812C3593A40042A0A4 /* Model.xcdatamodeld */,
			);
			path = CoreData;
			sourceTree = "<group>";
		};
		853A3D872C3593A40042A0A4 /* App */ = {
			isa = PBXGroup;
			children = (
				853A3D842C3593A40042A0A4 /* AppDelegate.swift */,
				853A3D852C3593A40042A0A4 /* SceneDelegate.swift */,
				853A3D862C3593A40042A0A4 /* TabBarController.swift */,
			);
			path = App;
			sourceTree = "<group>";
		};
		853A3D8D2C3593A40042A0A4 /* Resources */ = {
			isa = PBXGroup;
			children = (
				853A3D882C3593A40042A0A4 /* Assets.xcassets */,
				853A3D8A2C3593A40042A0A4 /* LaunchScreen.storyboard */,
				853A3D8C2C3593A40042A0A4 /* Main.storyboard */,
			);
			path = Resources;
			sourceTree = "<group>";
		};
		853A3D8E2C3593A40042A0A4 /* Extensions */ = {
			isa = PBXGroup;
			children = (
				853A3DD02C35F6460042A0A4 /* UIColor.swift */,
				853A3DD22C35F66A0042A0A4 /* Color.swift */,
			);
			path = Extensions;
			sourceTree = "<group>";
		};
		853A3D8F2C3593A40042A0A4 /* Budgets */ = {
			isa = PBXGroup;
			children = (
				853A3DC82C35DC140042A0A4 /* Detail Views */,
				853A3DCB2C35E4E50042A0A4 /* Table View Cell */,
				853A3DC22C35CF3E0042A0A4 /* BudgetsVM.swift */,
				853A3DC42C35D1030042A0A4 /* BudgetsVC.swift */,
				853A3DD82C360B7C0042A0A4 /* ExpensesVC.swift */,
			);
			path = Budgets;
			sourceTree = "<group>";
		};
		853A3D902C3593A40042A0A4 /* Calendar */ = {
			isa = PBXGroup;
			children = (
			);
			path = Calendar;
			sourceTree = "<group>";
		};
		853A3D942C3593A40042A0A4 /* Extracted Views */ = {
			isa = PBXGroup;
			children = (
				853A3D912C3593A40042A0A4 /* BudgetView.swift */,
				853A3D922C3593A40042A0A4 /* NavigationRectangle.swift */,
				853A3D932C3593A40042A0A4 /* SubscriptionView.swift */,
			);
			path = "Extracted Views";
			sourceTree = "<group>";
		};
		853A3D972C3593A40042A0A4 /* Dashboard */ = {
			isa = PBXGroup;
			children = (
				853A3D942C3593A40042A0A4 /* Extracted Views */,
				853A3D952C3593A40042A0A4 /* DashboardVC.swift */,
				853A3D962C3593A40042A0A4 /* DashboardVM.swift */,
			);
			path = Dashboard;
			sourceTree = "<group>";
		};
		853A3D992C3593A40042A0A4 /* Extracted VCs */ = {
			isa = PBXGroup;
			children = (
				853A3D9A2C3593A40042A0A4 /* AddBudgetsVC.swift */,
				853A3D982C3593A40042A0A4 /* AddSubscriptionVC.swift */,
				85B85B042C36D83100AAD046 /* AddExpenseVC.swift */,
			);
			path = "Extracted VCs";
			sourceTree = "<group>";
		};
		853A3D9B2C3593A40042A0A4 /* Add Categories */ = {
			isa = PBXGroup;
			children = (
				853A3D992C3593A40042A0A4 /* Extracted VCs */,
			);
			path = "Add Categories";
			sourceTree = "<group>";
		};
		853A3D9C2C3593A40042A0A4 /* Minor Scenes ⭐️ */ = {
			isa = PBXGroup;
			children = (
				853A3D9B2C3593A40042A0A4 /* Add Categories */,
			);
			path = "Minor Scenes ⭐️";
			sourceTree = "<group>";
		};
		853A3D9F2C3593A40042A0A4 /* Recurring */ = {
			isa = PBXGroup;
			children = (
				853A3D9D2C3593A40042A0A4 /* RecurringVC.swift */,
				853A3D9E2C3593A40042A0A4 /* RecurringVM.swift */,
			);
			path = Recurring;
			sourceTree = "<group>";
		};
		853A3DA02C3593A40042A0A4 /* Scene */ = {
			isa = PBXGroup;
			children = (
				853A3D8F2C3593A40042A0A4 /* Budgets */,
				853A3D902C3593A40042A0A4 /* Calendar */,
				853A3D972C3593A40042A0A4 /* Dashboard */,
				853A3D9F2C3593A40042A0A4 /* Recurring */,
				853A3D9C2C3593A40042A0A4 /* Minor Scenes ⭐️ */,
			);
			path = Scene;
			sourceTree = "<group>";
		};
		853A3DA42C3593A40042A0A4 /* Data Models */ = {
			isa = PBXGroup;
			children = (
				853A3DA12C3593A40042A0A4 /* BasicExpenseBudgetModel.swift */,
				853A3DA22C3593A40042A0A4 /* BasicExpenseModel.swift */,
				853A3DA32C3593A40042A0A4 /* SubscriptionExpenseModel.swift */,
				853A3DBE2C35CBDA0042A0A4 /* PaymentExpenseModel.swift */,
				85B85B082C36FC9400AAD046 /* FavoriteBudgetsModel.swift */,
			);
			path = "Data Models";
			sourceTree = "<group>";
		};
		853A3DA72C3593A40042A0A4 /* Services */ = {
			isa = PBXGroup;
			children = (
				853A3DA42C3593A40042A0A4 /* Data Models */,
				853A3DA52C3593A40042A0A4 /* DataManager.swift */,
				853A3DA62C3593A40042A0A4 /* Subscription Occurances.swift */,
				853A3DC02C35CD190042A0A4 /* Payment Occurances.swift */,
				853A3DC62C35D22D0042A0A4 /* Expense:Budget service.swift */,
				853A3DCE2C35E84D0042A0A4 /* NumberFormatter.swift */,
			);
			path = Services;
			sourceTree = "<group>";
		};
		853A3DC82C35DC140042A0A4 /* Detail Views */ = {
			isa = PBXGroup;
			children = (
				853A3DC92C35DC210042A0A4 /* BudgetDetailViewController.swift */,
			);
			path = "Detail Views";
			sourceTree = "<group>";
		};
		853A3DCB2C35E4E50042A0A4 /* Table View Cell */ = {
			isa = PBXGroup;
			children = (
				853A3DCC2C35E4F00042A0A4 /* CustomBudgetCell.swift */,
				85B85B062C36DB4C00AAD046 /* CustomExpenseCell.swift */,
			);
			path = "Table View Cell";
			sourceTree = "<group>";
		};
/* End PBXGroup section */

/* Begin PBXNativeTarget section */
		853A3D662C3592BF0042A0A4 /* Budgeting Application */ = {
			isa = PBXNativeTarget;
			buildConfigurationList = 853A3D7B2C3592C20042A0A4 /* Build configuration list for PBXNativeTarget "Budgeting Application" */;
			buildPhases = (
				853A3D632C3592BF0042A0A4 /* Sources */,
				853A3D642C3592BF0042A0A4 /* Frameworks */,
				853A3D652C3592BF0042A0A4 /* Resources */,
			);
			buildRules = (
			);
			dependencies = (
			);
			name = "Budgeting Application";
			productName = "Budgeting Application";
			productReference = 853A3D672C3592BF0042A0A4 /* Budgeting Application.app */;
			productType = "com.apple.product-type.application";
		};
/* End PBXNativeTarget section */

/* Begin PBXProject section */
		853A3D5F2C3592BF0042A0A4 /* Project object */ = {
			isa = PBXProject;
			attributes = {
				BuildIndependentTargetsInParallel = 1;
				LastSwiftUpdateCheck = 1530;
				LastUpgradeCheck = 1530;
				TargetAttributes = {
					853A3D662C3592BF0042A0A4 = {
						CreatedOnToolsVersion = 15.3;
					};
				};
			};
			buildConfigurationList = 853A3D622C3592BF0042A0A4 /* Build configuration list for PBXProject "Budgeting Application" */;
			compatibilityVersion = "Xcode 14.0";
			developmentRegion = en;
			hasScannedForEncodings = 0;
			knownRegions = (
				en,
				Base,
			);
			mainGroup = 853A3D5E2C3592BF0042A0A4;
			productRefGroup = 853A3D682C3592BF0042A0A4 /* Products */;
			projectDirPath = "";
			projectRoot = "";
			targets = (
				853A3D662C3592BF0042A0A4 /* Budgeting Application */,
			);
		};
/* End PBXProject section */

/* Begin PBXResourcesBuildPhase section */
		853A3D652C3592BF0042A0A4 /* Resources */ = {
			isa = PBXResourcesBuildPhase;
			buildActionMask = 2147483647;
			files = (
				853A3DAF2C3593A40042A0A4 /* Main.storyboard in Resources */,
				853A3DAE2C3593A40042A0A4 /* LaunchScreen.storyboard in Resources */,
				853A3DAD2C3593A40042A0A4 /* Assets.xcassets in Resources */,
			);
			runOnlyForDeploymentPostprocessing = 0;
		};
/* End PBXResourcesBuildPhase section */

/* Begin PBXSourcesBuildPhase section */
		853A3D632C3592BF0042A0A4 /* Sources */ = {
			isa = PBXSourcesBuildPhase;
			buildActionMask = 2147483647;
			files = (
				853A3DB92C3593A40042A0A4 /* BasicExpenseBudgetModel.swift in Sources */,
				853A3DD92C360B7C0042A0A4 /* ExpensesVC.swift in Sources */,
				853A3DD12C35F6460042A0A4 /* UIColor.swift in Sources */,
				853A3DCA2C35DC210042A0A4 /* BudgetDetailViewController.swift in Sources */,
				85B85B092C36FC9400AAD046 /* FavoriteBudgetsModel.swift in Sources */,
				853A3DAA2C3593A40042A0A4 /* AppDelegate.swift in Sources */,
				853A3DB42C3593A40042A0A4 /* DashboardVM.swift in Sources */,
				853A3DB32C3593A40042A0A4 /* DashboardVC.swift in Sources */,
				85B85B052C36D83100AAD046 /* AddExpenseVC.swift in Sources */,
				853A3DB22C3593A40042A0A4 /* SubscriptionView.swift in Sources */,
				853A3DC72C35D22D0042A0A4 /* Expense:Budget service.swift in Sources */,
				853A3DAC2C3593A40042A0A4 /* TabBarController.swift in Sources */,
				853A3DAB2C3593A40042A0A4 /* SceneDelegate.swift in Sources */,
				853A3DBD2C3593A40042A0A4 /* Subscription Occurances.swift in Sources */,
				853A3DD52C35FC990042A0A4 /* SegmentedView.swift in Sources */,
				853A3DB72C3593A40042A0A4 /* RecurringVC.swift in Sources */,
				853A3DB52C3593A40042A0A4 /* AddSubscriptionVC.swift in Sources */,
				853A3DBC2C3593A40042A0A4 /* DataManager.swift in Sources */,
				853A3DC32C35CF3E0042A0A4 /* BudgetsVM.swift in Sources */,
				853A3DC12C35CD190042A0A4 /* Payment Occurances.swift in Sources */,
				853A3DBA2C3593A40042A0A4 /* BasicExpenseModel.swift in Sources */,
				853A3DD32C35F66A0042A0A4 /* Color.swift in Sources */,
				853A3DCF2C35E84D0042A0A4 /* NumberFormatter.swift in Sources */,
				853A3DB02C3593A40042A0A4 /* BudgetView.swift in Sources */,
				853A3DA82C3593A40042A0A4 /* Payment Models.swift in Sources */,
				853A3DB82C3593A40042A0A4 /* RecurringVM.swift in Sources */,
				853A3DA92C3593A40042A0A4 /* Model.xcdatamodeld in Sources */,
				853A3DB12C3593A40042A0A4 /* NavigationRectangle.swift in Sources */,
				853A3DCD2C35E4F00042A0A4 /* CustomBudgetCell.swift in Sources */,
				85B85B072C36DB4C00AAD046 /* CustomExpenseCell.swift in Sources */,
				853A3DC52C35D1030042A0A4 /* BudgetsVC.swift in Sources */,
				853A3DB62C3593A40042A0A4 /* AddBudgetsVC.swift in Sources */,
				853A3DBB2C3593A40042A0A4 /* SubscriptionExpenseModel.swift in Sources */,
				853A3DBF2C35CBDA0042A0A4 /* PaymentExpenseModel.swift in Sources */,
			);
			runOnlyForDeploymentPostprocessing = 0;
		};
/* End PBXSourcesBuildPhase section */

/* Begin PBXVariantGroup section */
		853A3D8A2C3593A40042A0A4 /* LaunchScreen.storyboard */ = {
			isa = PBXVariantGroup;
			children = (
				853A3D892C3593A40042A0A4 /* Base */,
			);
			name = LaunchScreen.storyboard;
			sourceTree = "<group>";
		};
		853A3D8C2C3593A40042A0A4 /* Main.storyboard */ = {
			isa = PBXVariantGroup;
			children = (
				853A3D8B2C3593A40042A0A4 /* Base */,
			);
			name = Main.storyboard;
			sourceTree = "<group>";
		};
/* End PBXVariantGroup section */

/* Begin XCBuildConfiguration section */
		853A3D792C3592C20042A0A4 /* Debug */ = {
			isa = XCBuildConfiguration;
			buildSettings = {
				ALWAYS_SEARCH_USER_PATHS = NO;
				ASSETCATALOG_COMPILER_GENERATE_SWIFT_ASSET_SYMBOL_EXTENSIONS = YES;
				CLANG_ANALYZER_NONNULL = YES;
				CLANG_ANALYZER_NUMBER_OBJECT_CONVERSION = YES_AGGRESSIVE;
				CLANG_CXX_LANGUAGE_STANDARD = "gnu++20";
				CLANG_ENABLE_MODULES = YES;
				CLANG_ENABLE_OBJC_ARC = YES;
				CLANG_ENABLE_OBJC_WEAK = YES;
				CLANG_WARN_BLOCK_CAPTURE_AUTORELEASING = YES;
				CLANG_WARN_BOOL_CONVERSION = YES;
				CLANG_WARN_COMMA = YES;
				CLANG_WARN_CONSTANT_CONVERSION = YES;
				CLANG_WARN_DEPRECATED_OBJC_IMPLEMENTATIONS = YES;
				CLANG_WARN_DIRECT_OBJC_ISA_USAGE = YES_ERROR;
				CLANG_WARN_DOCUMENTATION_COMMENTS = YES;
				CLANG_WARN_EMPTY_BODY = YES;
				CLANG_WARN_ENUM_CONVERSION = YES;
				CLANG_WARN_INFINITE_RECURSION = YES;
				CLANG_WARN_INT_CONVERSION = YES;
				CLANG_WARN_NON_LITERAL_NULL_CONVERSION = YES;
				CLANG_WARN_OBJC_IMPLICIT_RETAIN_SELF = YES;
				CLANG_WARN_OBJC_LITERAL_CONVERSION = YES;
				CLANG_WARN_OBJC_ROOT_CLASS = YES_ERROR;
				CLANG_WARN_QUOTED_INCLUDE_IN_FRAMEWORK_HEADER = YES;
				CLANG_WARN_RANGE_LOOP_ANALYSIS = YES;
				CLANG_WARN_STRICT_PROTOTYPES = YES;
				CLANG_WARN_SUSPICIOUS_MOVE = YES;
				CLANG_WARN_UNGUARDED_AVAILABILITY = YES_AGGRESSIVE;
				CLANG_WARN_UNREACHABLE_CODE = YES;
				CLANG_WARN__DUPLICATE_METHOD_MATCH = YES;
				COPY_PHASE_STRIP = NO;
				DEBUG_INFORMATION_FORMAT = dwarf;
				ENABLE_STRICT_OBJC_MSGSEND = YES;
				ENABLE_TESTABILITY = YES;
				ENABLE_USER_SCRIPT_SANDBOXING = YES;
				GCC_C_LANGUAGE_STANDARD = gnu17;
				GCC_DYNAMIC_NO_PIC = NO;
				GCC_NO_COMMON_BLOCKS = YES;
				GCC_OPTIMIZATION_LEVEL = 0;
				GCC_PREPROCESSOR_DEFINITIONS = (
					"DEBUG=1",
					"$(inherited)",
				);
				GCC_WARN_64_TO_32_BIT_CONVERSION = YES;
				GCC_WARN_ABOUT_RETURN_TYPE = YES_ERROR;
				GCC_WARN_UNDECLARED_SELECTOR = YES;
				GCC_WARN_UNINITIALIZED_AUTOS = YES_AGGRESSIVE;
				GCC_WARN_UNUSED_FUNCTION = YES;
				GCC_WARN_UNUSED_VARIABLE = YES;
				IPHONEOS_DEPLOYMENT_TARGET = 17.0;
				LOCALIZATION_PREFERS_STRING_CATALOGS = YES;
				MTL_ENABLE_DEBUG_INFO = INCLUDE_SOURCE;
				MTL_FAST_MATH = YES;
				ONLY_ACTIVE_ARCH = YES;
				SDKROOT = iphoneos;
				SWIFT_ACTIVE_COMPILATION_CONDITIONS = "DEBUG $(inherited)";
				SWIFT_OPTIMIZATION_LEVEL = "-Onone";
			};
			name = Debug;
		};
		853A3D7A2C3592C20042A0A4 /* Release */ = {
			isa = XCBuildConfiguration;
			buildSettings = {
				ALWAYS_SEARCH_USER_PATHS = NO;
				ASSETCATALOG_COMPILER_GENERATE_SWIFT_ASSET_SYMBOL_EXTENSIONS = YES;
				CLANG_ANALYZER_NONNULL = YES;
				CLANG_ANALYZER_NUMBER_OBJECT_CONVERSION = YES_AGGRESSIVE;
				CLANG_CXX_LANGUAGE_STANDARD = "gnu++20";
				CLANG_ENABLE_MODULES = YES;
				CLANG_ENABLE_OBJC_ARC = YES;
				CLANG_ENABLE_OBJC_WEAK = YES;
				CLANG_WARN_BLOCK_CAPTURE_AUTORELEASING = YES;
				CLANG_WARN_BOOL_CONVERSION = YES;
				CLANG_WARN_COMMA = YES;
				CLANG_WARN_CONSTANT_CONVERSION = YES;
				CLANG_WARN_DEPRECATED_OBJC_IMPLEMENTATIONS = YES;
				CLANG_WARN_DIRECT_OBJC_ISA_USAGE = YES_ERROR;
				CLANG_WARN_DOCUMENTATION_COMMENTS = YES;
				CLANG_WARN_EMPTY_BODY = YES;
				CLANG_WARN_ENUM_CONVERSION = YES;
				CLANG_WARN_INFINITE_RECURSION = YES;
				CLANG_WARN_INT_CONVERSION = YES;
				CLANG_WARN_NON_LITERAL_NULL_CONVERSION = YES;
				CLANG_WARN_OBJC_IMPLICIT_RETAIN_SELF = YES;
				CLANG_WARN_OBJC_LITERAL_CONVERSION = YES;
				CLANG_WARN_OBJC_ROOT_CLASS = YES_ERROR;
				CLANG_WARN_QUOTED_INCLUDE_IN_FRAMEWORK_HEADER = YES;
				CLANG_WARN_RANGE_LOOP_ANALYSIS = YES;
				CLANG_WARN_STRICT_PROTOTYPES = YES;
				CLANG_WARN_SUSPICIOUS_MOVE = YES;
				CLANG_WARN_UNGUARDED_AVAILABILITY = YES_AGGRESSIVE;
				CLANG_WARN_UNREACHABLE_CODE = YES;
				CLANG_WARN__DUPLICATE_METHOD_MATCH = YES;
				COPY_PHASE_STRIP = NO;
				DEBUG_INFORMATION_FORMAT = "dwarf-with-dsym";
				ENABLE_NS_ASSERTIONS = NO;
				ENABLE_STRICT_OBJC_MSGSEND = YES;
				ENABLE_USER_SCRIPT_SANDBOXING = YES;
				GCC_C_LANGUAGE_STANDARD = gnu17;
				GCC_NO_COMMON_BLOCKS = YES;
				GCC_WARN_64_TO_32_BIT_CONVERSION = YES;
				GCC_WARN_ABOUT_RETURN_TYPE = YES_ERROR;
				GCC_WARN_UNDECLARED_SELECTOR = YES;
				GCC_WARN_UNINITIALIZED_AUTOS = YES_AGGRESSIVE;
				GCC_WARN_UNUSED_FUNCTION = YES;
				GCC_WARN_UNUSED_VARIABLE = YES;
				IPHONEOS_DEPLOYMENT_TARGET = 17.0;
				LOCALIZATION_PREFERS_STRING_CATALOGS = YES;
				MTL_ENABLE_DEBUG_INFO = NO;
				MTL_FAST_MATH = YES;
				SDKROOT = iphoneos;
				SWIFT_COMPILATION_MODE = wholemodule;
				VALIDATE_PRODUCT = YES;
			};
			name = Release;
		};
		853A3D7C2C3592C20042A0A4 /* Debug */ = {
			isa = XCBuildConfiguration;
			buildSettings = {
				ASSETCATALOG_COMPILER_APPICON_NAME = AppIcon;
				ASSETCATALOG_COMPILER_GLOBAL_ACCENT_COLOR_NAME = AccentColor;
				CODE_SIGN_IDENTITY = "Apple Development";
				CODE_SIGN_STYLE = Automatic;
				CURRENT_PROJECT_VERSION = 1;
				DEVELOPMENT_TEAM = 9S26B8AV5C;
				GENERATE_INFOPLIST_FILE = YES;
				INFOPLIST_FILE = "Budgeting Application/Info.plist";
				INFOPLIST_KEY_UIApplicationSupportsIndirectInputEvents = YES;
				INFOPLIST_KEY_UILaunchStoryboardName = LaunchScreen;
				INFOPLIST_KEY_UIStatusBarStyle = "";
				INFOPLIST_KEY_UISupportedInterfaceOrientations = UIInterfaceOrientationPortrait;
				IPHONEOS_DEPLOYMENT_TARGET = 17.0;
				LD_RUNPATH_SEARCH_PATHS = (
					"$(inherited)",
					"@executable_path/Frameworks",
				);
				MARKETING_VERSION = 1.0;
				PRODUCT_BUNDLE_IDENTIFIER = "com.yvelazeMagariKompania.ge.Budgeting-Application";
				PRODUCT_NAME = "$(TARGET_NAME)";
				PROVISIONING_PROFILE_SPECIFIER = "";
				SUPPORTED_PLATFORMS = "iphoneos iphonesimulator";
				SUPPORTS_MACCATALYST = NO;
				SUPPORTS_MAC_DESIGNED_FOR_IPHONE_IPAD = NO;
				SUPPORTS_XR_DESIGNED_FOR_IPHONE_IPAD = NO;
				SWIFT_EMIT_LOC_STRINGS = YES;
				SWIFT_VERSION = 5.0;
				TARGETED_DEVICE_FAMILY = 1;
			};
			name = Debug;
		};
		853A3D7D2C3592C20042A0A4 /* Release */ = {
			isa = XCBuildConfiguration;
			buildSettings = {
				ASSETCATALOG_COMPILER_APPICON_NAME = AppIcon;
				ASSETCATALOG_COMPILER_GLOBAL_ACCENT_COLOR_NAME = AccentColor;
				CODE_SIGN_IDENTITY = "Apple Development";
				CODE_SIGN_STYLE = Automatic;
				CURRENT_PROJECT_VERSION = 1;
				DEVELOPMENT_TEAM = 9S26B8AV5C;
				GENERATE_INFOPLIST_FILE = YES;
				INFOPLIST_FILE = "Budgeting Application/Info.plist";
				INFOPLIST_KEY_UIApplicationSupportsIndirectInputEvents = YES;
				INFOPLIST_KEY_UILaunchStoryboardName = LaunchScreen;
				INFOPLIST_KEY_UIStatusBarStyle = "";
				INFOPLIST_KEY_UISupportedInterfaceOrientations = UIInterfaceOrientationPortrait;
				IPHONEOS_DEPLOYMENT_TARGET = 17.0;
				LD_RUNPATH_SEARCH_PATHS = (
					"$(inherited)",
					"@executable_path/Frameworks",
				);
				MARKETING_VERSION = 1.0;
				PRODUCT_BUNDLE_IDENTIFIER = "com.yvelazeMagariKompania.ge.Budgeting-Application";
				PRODUCT_NAME = "$(TARGET_NAME)";
				PROVISIONING_PROFILE_SPECIFIER = "";
				SUPPORTED_PLATFORMS = "iphoneos iphonesimulator";
				SUPPORTS_MACCATALYST = NO;
				SUPPORTS_MAC_DESIGNED_FOR_IPHONE_IPAD = NO;
				SUPPORTS_XR_DESIGNED_FOR_IPHONE_IPAD = NO;
				SWIFT_EMIT_LOC_STRINGS = YES;
				SWIFT_VERSION = 5.0;
				TARGETED_DEVICE_FAMILY = 1;
			};
			name = Release;
		};
/* End XCBuildConfiguration section */

/* Begin XCConfigurationList section */
		853A3D622C3592BF0042A0A4 /* Build configuration list for PBXProject "Budgeting Application" */ = {
			isa = XCConfigurationList;
			buildConfigurations = (
				853A3D792C3592C20042A0A4 /* Debug */,
				853A3D7A2C3592C20042A0A4 /* Release */,
			);
			defaultConfigurationIsVisible = 0;
			defaultConfigurationName = Release;
		};
		853A3D7B2C3592C20042A0A4 /* Build configuration list for PBXNativeTarget "Budgeting Application" */ = {
			isa = XCConfigurationList;
			buildConfigurations = (
				853A3D7C2C3592C20042A0A4 /* Debug */,
				853A3D7D2C3592C20042A0A4 /* Release */,
			);
			defaultConfigurationIsVisible = 0;
			defaultConfigurationName = Release;
		};
/* End XCConfigurationList section */

/* Begin XCVersionGroup section */
		853A3D812C3593A40042A0A4 /* Model.xcdatamodeld */ = {
			isa = XCVersionGroup;
			children = (
				853A3D832C3593A40042A0A4 /* Model.xcdatamodel */,
			);
			currentVersion = 853A3D832C3593A40042A0A4 /* Model.xcdatamodel */;
			name = Model.xcdatamodeld;
			path = "/Users/lukagujejiani/Desktop/Budgeting Application/Budgeting Application/CoreData/Model.xcdatamodeld";
			sourceTree = "<group>";
			versionGroupType = wrapper.xcdatamodel;
		};
/* End XCVersionGroup section */
	};
	rootObject = 853A3D5F2C3592BF0042A0A4 /* Project object */;
}
