// !$*UTF8*$!
{
	archiveVersion = 1;
	classes = {
	};
	objectVersion = 56;
	objects = {

/* Begin PBXBuildFile section */
		851DCFD32C46591300A0E302 /* DGCharts in Frameworks */ = {isa = PBXBuildFile; productRef = 851DCFD22C46591300A0E302 /* DGCharts */; };
		851DCFD72C4672E000A0E302 /* ChangePasswordView.swift in Sources */ = {isa = PBXBuildFile; fileRef = 851DCFD62C4672DF00A0E302 /* ChangePasswordView.swift */; };
		851DCFD92C4672EC00A0E302 /* ChangePasswordVM.swift in Sources */ = {isa = PBXBuildFile; fileRef = 851DCFD82C4672EC00A0E302 /* ChangePasswordVM.swift */; };
		851DCFDC2C4679F300A0E302 /* ChangeNameView.swift in Sources */ = {isa = PBXBuildFile; fileRef = 851DCFDB2C4679F300A0E302 /* ChangeNameView.swift */; };
		851DCFE22C47F4DD00A0E302 /* ChangeIconView.swift in Sources */ = {isa = PBXBuildFile; fileRef = 851DCFE12C47F4DD00A0E302 /* ChangeIconView.swift */; };
		851DCFE42C47F6A600A0E302 /* ChangeIconViewModel.swift in Sources */ = {isa = PBXBuildFile; fileRef = 851DCFE32C47F6A600A0E302 /* ChangeIconViewModel.swift */; };
		851DCFEB2C47FF3700A0E302 /* Green Icon.png in Resources */ = {isa = PBXBuildFile; fileRef = 851DCFE52C47FF3600A0E302 /* Green Icon.png */; };
		851DCFEC2C47FF3700A0E302 /* Orange Icon.png in Resources */ = {isa = PBXBuildFile; fileRef = 851DCFE62C47FF3700A0E302 /* Orange Icon.png */; };
		851DCFED2C47FF3700A0E302 /* Green Dark Mode.png in Resources */ = {isa = PBXBuildFile; fileRef = 851DCFE72C47FF3700A0E302 /* Green Dark Mode.png */; };
		851DCFEE2C47FF3700A0E302 /* Purple Icon.png in Resources */ = {isa = PBXBuildFile; fileRef = 851DCFE82C47FF3700A0E302 /* Purple Icon.png */; };
		851DCFEF2C47FF3700A0E302 /* Default Dark Mode.png in Resources */ = {isa = PBXBuildFile; fileRef = 851DCFE92C47FF3700A0E302 /* Default Dark Mode.png */; };
		851DCFF02C47FF3700A0E302 /* Purple Dark Mode.png in Resources */ = {isa = PBXBuildFile; fileRef = 851DCFEA2C47FF3700A0E302 /* Purple Dark Mode.png */; };
		851DCFF32C48090400A0E302 /* AboutView.swift in Sources */ = {isa = PBXBuildFile; fileRef = 851DCFF22C48090400A0E302 /* AboutView.swift */; };
		851DCFF52C480D4000A0E302 /* UITabBar.swift in Sources */ = {isa = PBXBuildFile; fileRef = 851DCFF42C480D4000A0E302 /* UITabBar.swift */; };
		851DCFF72C4824B700A0E302 /* BudgetDetailVC.swift in Sources */ = {isa = PBXBuildFile; fileRef = 851DCFF62C4824B700A0E302 /* BudgetDetailVC.swift */; };
		851DCFF92C48823400A0E302 /* KeyboardHandler.swift in Sources */ = {isa = PBXBuildFile; fileRef = 851DCFF82C48823400A0E302 /* KeyboardHandler.swift */; };
		851DCFFD2C4AB85E00A0E302 /* OnBoardingView.swift in Sources */ = {isa = PBXBuildFile; fileRef = 851DCFFC2C4AB85E00A0E302 /* OnBoardingView.swift */; };
		851DD0022C4AC7E600A0E302 /* Lottie in Frameworks */ = {isa = PBXBuildFile; productRef = 851DD0012C4AC7E600A0E302 /* Lottie */; };
		851DD0062C4ACBA400A0E302 /* OnBoardingAnimation.json in Resources */ = {isa = PBXBuildFile; fileRef = 851DD0052C4ACBA300A0E302 /* OnBoardingAnimation.json */; };
		8534F9282C4C11B1004EB309 /* CircularProgressView.swift in Sources */ = {isa = PBXBuildFile; fileRef = 8534F9272C4C11B1004EB309 /* CircularProgressView.swift */; };
		8534F92B2C4D889E004EB309 /* DataDeletion.swift in Sources */ = {isa = PBXBuildFile; fileRef = 8534F92A2C4D889E004EB309 /* DataDeletion.swift */; };
		853A3DAA2C3593A40042A0A4 /* AppDelegate.swift in Sources */ = {isa = PBXBuildFile; fileRef = 853A3D842C3593A40042A0A4 /* AppDelegate.swift */; };
		853A3DAB2C3593A40042A0A4 /* SceneDelegate.swift in Sources */ = {isa = PBXBuildFile; fileRef = 853A3D852C3593A40042A0A4 /* SceneDelegate.swift */; };
		853A3DAC2C3593A40042A0A4 /* TabBarController.swift in Sources */ = {isa = PBXBuildFile; fileRef = 853A3D862C3593A40042A0A4 /* TabBarController.swift */; };
		853A3DAD2C3593A40042A0A4 /* Assets.xcassets in Resources */ = {isa = PBXBuildFile; fileRef = 853A3D882C3593A40042A0A4 /* Assets.xcassets */; };
		853A3DAE2C3593A40042A0A4 /* LaunchScreen.storyboard in Resources */ = {isa = PBXBuildFile; fileRef = 853A3D8A2C3593A40042A0A4 /* LaunchScreen.storyboard */; };
		853A3DB02C3593A40042A0A4 /* BudgetView.swift in Sources */ = {isa = PBXBuildFile; fileRef = 853A3D912C3593A40042A0A4 /* BudgetView.swift */; };
		853A3DB12C3593A40042A0A4 /* NavigationRectangle.swift in Sources */ = {isa = PBXBuildFile; fileRef = 853A3D922C3593A40042A0A4 /* NavigationRectangle.swift */; };
		853A3DB22C3593A40042A0A4 /* SubscriptionCell.swift in Sources */ = {isa = PBXBuildFile; fileRef = 853A3D932C3593A40042A0A4 /* SubscriptionCell.swift */; };
		853A3DB32C3593A40042A0A4 /* DashboardViewController.swift in Sources */ = {isa = PBXBuildFile; fileRef = 853A3D952C3593A40042A0A4 /* DashboardViewController.swift */; };
		853A3DB42C3593A40042A0A4 /* DashboardViewModel.swift in Sources */ = {isa = PBXBuildFile; fileRef = 853A3D962C3593A40042A0A4 /* DashboardViewModel.swift */; };
		853A3DB52C3593A40042A0A4 /* AddSubscriptionVC.swift in Sources */ = {isa = PBXBuildFile; fileRef = 853A3D982C3593A40042A0A4 /* AddSubscriptionVC.swift */; };
		853A3DB62C3593A40042A0A4 /* AddBudgetsVC.swift in Sources */ = {isa = PBXBuildFile; fileRef = 853A3D9A2C3593A40042A0A4 /* AddBudgetsVC.swift */; };
		853A3DB72C3593A40042A0A4 /* RecurringView.swift in Sources */ = {isa = PBXBuildFile; fileRef = 853A3D9D2C3593A40042A0A4 /* RecurringView.swift */; };
		853A3DB82C3593A40042A0A4 /* RecurringViewModel.swift in Sources */ = {isa = PBXBuildFile; fileRef = 853A3D9E2C3593A40042A0A4 /* RecurringViewModel.swift */; };
		853A3DB92C3593A40042A0A4 /* BasicExpenseBudgetModel.swift in Sources */ = {isa = PBXBuildFile; fileRef = 853A3DA12C3593A40042A0A4 /* BasicExpenseBudgetModel.swift */; };
		853A3DBA2C3593A40042A0A4 /* BasicExpenseModel.swift in Sources */ = {isa = PBXBuildFile; fileRef = 853A3DA22C3593A40042A0A4 /* BasicExpenseModel.swift */; };
		853A3DBB2C3593A40042A0A4 /* SubscriptionExpenseModel.swift in Sources */ = {isa = PBXBuildFile; fileRef = 853A3DA32C3593A40042A0A4 /* SubscriptionExpenseModel.swift */; };
		853A3DBC2C3593A40042A0A4 /* DataManager.swift in Sources */ = {isa = PBXBuildFile; fileRef = 853A3DA52C3593A40042A0A4 /* DataManager.swift */; };
		853A3DBD2C3593A40042A0A4 /* Subscription Occurances.swift in Sources */ = {isa = PBXBuildFile; fileRef = 853A3DA62C3593A40042A0A4 /* Subscription Occurances.swift */; };
		853A3DBF2C35CBDA0042A0A4 /* PaymentExpenseModel.swift in Sources */ = {isa = PBXBuildFile; fileRef = 853A3DBE2C35CBDA0042A0A4 /* PaymentExpenseModel.swift */; };
		853A3DC12C35CD190042A0A4 /* Payment Occurances.swift in Sources */ = {isa = PBXBuildFile; fileRef = 853A3DC02C35CD190042A0A4 /* Payment Occurances.swift */; };
		853A3DC32C35CF3E0042A0A4 /* ViewModel.swift in Sources */ = {isa = PBXBuildFile; fileRef = 853A3DC22C35CF3E0042A0A4 /* ViewModel.swift */; };
		853A3DC52C35D1030042A0A4 /* BudgetsViewController.swift in Sources */ = {isa = PBXBuildFile; fileRef = 853A3DC42C35D1030042A0A4 /* BudgetsViewController.swift */; };
		853A3DC72C35D22D0042A0A4 /* Expense:Budget service.swift in Sources */ = {isa = PBXBuildFile; fileRef = 853A3DC62C35D22D0042A0A4 /* Expense:Budget service.swift */; };
		853A3DCA2C35DC210042A0A4 /* BudgetDetailViewController.swift in Sources */ = {isa = PBXBuildFile; fileRef = 853A3DC92C35DC210042A0A4 /* BudgetDetailViewController.swift */; };
		853A3DCD2C35E4F00042A0A4 /* CustomBudgetCell.swift in Sources */ = {isa = PBXBuildFile; fileRef = 853A3DCC2C35E4F00042A0A4 /* CustomBudgetCell.swift */; };
		853A3DCF2C35E84D0042A0A4 /* NumberFormatter.swift in Sources */ = {isa = PBXBuildFile; fileRef = 853A3DCE2C35E84D0042A0A4 /* NumberFormatter.swift */; };
		853A3DD12C35F6460042A0A4 /* UIColor.swift in Sources */ = {isa = PBXBuildFile; fileRef = 853A3DD02C35F6460042A0A4 /* UIColor.swift */; };
		853A3DD32C35F66A0042A0A4 /* Color.swift in Sources */ = {isa = PBXBuildFile; fileRef = 853A3DD22C35F66A0042A0A4 /* Color.swift */; };
		853A3DD52C35FC990042A0A4 /* SegmentedControlView.swift in Sources */ = {isa = PBXBuildFile; fileRef = 853A3DD42C35FC990042A0A4 /* SegmentedControlView.swift */; };
		853A3DD92C360B7C0042A0A4 /* ExpensesViewController.swift in Sources */ = {isa = PBXBuildFile; fileRef = 853A3DD82C360B7C0042A0A4 /* ExpensesViewController.swift */; };
		85835EC12C402CDD0007F180 /* CalendarViewController.swift in Sources */ = {isa = PBXBuildFile; fileRef = 85835EC02C402CDD0007F180 /* CalendarViewController.swift */; };
		85835EC32C402CE60007F180 /* CalendarViewModel.swift in Sources */ = {isa = PBXBuildFile; fileRef = 85835EC22C402CE60007F180 /* CalendarViewModel.swift */; };
		85835EC72C407B0A0007F180 /* CalendarTableViewCell.swift in Sources */ = {isa = PBXBuildFile; fileRef = 85835EC62C407B0A0007F180 /* CalendarTableViewCell.swift */; };
		85835ECA2C41A25E0007F180 /* Montserrat-Medium.ttf in Resources */ = {isa = PBXBuildFile; fileRef = 85835EC82C41A25E0007F180 /* Montserrat-Medium.ttf */; };
		85835ECE2C41A7E70007F180 /* LoginView.swift in Sources */ = {isa = PBXBuildFile; fileRef = 85835ECD2C41A7E70007F180 /* LoginView.swift */; };
		85835ED02C41A7F20007F180 /* LoginViewModel.swift in Sources */ = {isa = PBXBuildFile; fileRef = 85835ECF2C41A7F20007F180 /* LoginViewModel.swift */; };
		85835EDC2C42E1470007F180 /* TimeModels.swift in Sources */ = {isa = PBXBuildFile; fileRef = 85835EDB2C42E1470007F180 /* TimeModels.swift */; };
		85835EDF2C42E1A00007F180 /* BasicExpense.swift in Sources */ = {isa = PBXBuildFile; fileRef = 85835EDE2C42E1A00007F180 /* BasicExpense.swift */; };
		85835EE12C42E1D20007F180 /* SubscriptionExpense.swift in Sources */ = {isa = PBXBuildFile; fileRef = 85835EE02C42E1D20007F180 /* SubscriptionExpense.swift */; };
		85835EE32C42E1FB0007F180 /* BankPaymentExpense.swift in Sources */ = {isa = PBXBuildFile; fileRef = 85835EE22C42E1FB0007F180 /* BankPaymentExpense.swift */; };
		85835EE62C42E3570007F180 /* SubscriptionOccurrence.swift in Sources */ = {isa = PBXBuildFile; fileRef = 85835EE52C42E3570007F180 /* SubscriptionOccurrence.swift */; };
		85835EE82C42E44E0007F180 /* PaymentOccurrence.swift in Sources */ = {isa = PBXBuildFile; fileRef = 85835EE72C42E44E0007F180 /* PaymentOccurrence.swift */; };
		85835EEA2C42E67A0007F180 /* Alert.swift in Sources */ = {isa = PBXBuildFile; fileRef = 85835EE92C42E67A0007F180 /* Alert.swift */; };
		85835F292C4533470007F180 /* LaunchScreenViewController.swift in Sources */ = {isa = PBXBuildFile; fileRef = 85835F282C4533460007F180 /* LaunchScreenViewController.swift */; };
		85835F2C2C457C3D0007F180 /* SettingsView.swift in Sources */ = {isa = PBXBuildFile; fileRef = 85835F2B2C457C3D0007F180 /* SettingsView.swift */; };
		85835F2E2C457C430007F180 /* SettingsViewModel.swift in Sources */ = {isa = PBXBuildFile; fileRef = 85835F2D2C457C430007F180 /* SettingsViewModel.swift */; };
		85B85B052C36D83100AAD046 /* AddExpenseVC.swift in Sources */ = {isa = PBXBuildFile; fileRef = 85B85B042C36D83100AAD046 /* AddExpenseVC.swift */; };
		85B85B072C36DB4C00AAD046 /* CustomExpenseCell.swift in Sources */ = {isa = PBXBuildFile; fileRef = 85B85B062C36DB4C00AAD046 /* CustomExpenseCell.swift */; };
		85B85B092C36FC9400AAD046 /* FavoriteBudgetsModel.swift in Sources */ = {isa = PBXBuildFile; fileRef = 85B85B082C36FC9400AAD046 /* FavoriteBudgetsModel.swift */; };
		85B85B0D2C38A54A00AAD046 /* BorderLabelView.swift in Sources */ = {isa = PBXBuildFile; fileRef = 85B85B0C2C38A54A00AAD046 /* BorderLabelView.swift */; };
		85B85B122C38ACFF00AAD046 /* Heebo-SemiBold.ttf in Resources */ = {isa = PBXBuildFile; fileRef = 85B85B112C38ACFF00AAD046 /* Heebo-SemiBold.ttf */; };
		85B85B302C3AE06800AAD046 /* AddPaymentVC.swift in Sources */ = {isa = PBXBuildFile; fileRef = 85B85B2F2C3AE06800AAD046 /* AddPaymentVC.swift */; };
		85B85B322C3B308200AAD046 /* DaySuffix.swift in Sources */ = {isa = PBXBuildFile; fileRef = 85B85B312C3B308200AAD046 /* DaySuffix.swift */; };
		85B85B342C3C2E1900AAD046 /* BankPaymentCell.swift in Sources */ = {isa = PBXBuildFile; fileRef = 85B85B332C3C2E1900AAD046 /* BankPaymentCell.swift */; };
		85B85B362C3DFBDD00AAD046 /* ChesnaGrotesk-Regular.ttf in Resources */ = {isa = PBXBuildFile; fileRef = 85B85B352C3DFBDD00AAD046 /* ChesnaGrotesk-Regular.ttf */; };
		85B85B382C3DFD2000AAD046 /* ChesnaGrotesk-Bold.ttf in Resources */ = {isa = PBXBuildFile; fileRef = 85B85B372C3DFD2000AAD046 /* ChesnaGrotesk-Bold.ttf */; };
		85B85B3A2C3DFD7F00AAD046 /* ChesnaGrotesk-Medium.ttf in Resources */ = {isa = PBXBuildFile; fileRef = 85B85B392C3DFD7F00AAD046 /* ChesnaGrotesk-Medium.ttf */; };
/* End PBXBuildFile section */

/* Begin PBXCopyFilesBuildPhase section */
		85835F052C4419E30007F180 /* Embed Foundation Extensions */ = {
			isa = PBXCopyFilesBuildPhase;
			buildActionMask = 2147483647;
			dstPath = "";
			dstSubfolderSpec = 13;
			files = (
			);
			name = "Embed Foundation Extensions";
			runOnlyForDeploymentPostprocessing = 0;
		};
		85AAEB912C45814F00C47952 /* Embed Frameworks */ = {
			isa = PBXCopyFilesBuildPhase;
			buildActionMask = 2147483647;
			dstPath = "";
			dstSubfolderSpec = 10;
			files = (
			);
			name = "Embed Frameworks";
			runOnlyForDeploymentPostprocessing = 0;
		};
/* End PBXCopyFilesBuildPhase section */

/* Begin PBXFileReference section */
		851DCFD62C4672DF00A0E302 /* ChangePasswordView.swift */ = {isa = PBXFileReference; lastKnownFileType = sourcecode.swift; path = ChangePasswordView.swift; sourceTree = "<group>"; };
		851DCFD82C4672EC00A0E302 /* ChangePasswordVM.swift */ = {isa = PBXFileReference; lastKnownFileType = sourcecode.swift; path = ChangePasswordVM.swift; sourceTree = "<group>"; };
		851DCFDB2C4679F300A0E302 /* ChangeNameView.swift */ = {isa = PBXFileReference; lastKnownFileType = sourcecode.swift; path = ChangeNameView.swift; sourceTree = "<group>"; };
		851DCFE12C47F4DD00A0E302 /* ChangeIconView.swift */ = {isa = PBXFileReference; lastKnownFileType = sourcecode.swift; path = ChangeIconView.swift; sourceTree = "<group>"; };
		851DCFE32C47F6A600A0E302 /* ChangeIconViewModel.swift */ = {isa = PBXFileReference; lastKnownFileType = sourcecode.swift; path = ChangeIconViewModel.swift; sourceTree = "<group>"; };
		851DCFE52C47FF3600A0E302 /* Green Icon.png */ = {isa = PBXFileReference; lastKnownFileType = image.png; path = "Green Icon.png"; sourceTree = "<group>"; };
		851DCFE62C47FF3700A0E302 /* Orange Icon.png */ = {isa = PBXFileReference; lastKnownFileType = image.png; path = "Orange Icon.png"; sourceTree = "<group>"; };
		851DCFE72C47FF3700A0E302 /* Green Dark Mode.png */ = {isa = PBXFileReference; lastKnownFileType = image.png; path = "Green Dark Mode.png"; sourceTree = "<group>"; };
		851DCFE82C47FF3700A0E302 /* Purple Icon.png */ = {isa = PBXFileReference; lastKnownFileType = image.png; path = "Purple Icon.png"; sourceTree = "<group>"; };
		851DCFE92C47FF3700A0E302 /* Default Dark Mode.png */ = {isa = PBXFileReference; lastKnownFileType = image.png; path = "Default Dark Mode.png"; sourceTree = "<group>"; };
		851DCFEA2C47FF3700A0E302 /* Purple Dark Mode.png */ = {isa = PBXFileReference; lastKnownFileType = image.png; path = "Purple Dark Mode.png"; sourceTree = "<group>"; };
		851DCFF22C48090400A0E302 /* AboutView.swift */ = {isa = PBXFileReference; lastKnownFileType = sourcecode.swift; path = AboutView.swift; sourceTree = "<group>"; };
		851DCFF42C480D4000A0E302 /* UITabBar.swift */ = {isa = PBXFileReference; lastKnownFileType = sourcecode.swift; path = UITabBar.swift; sourceTree = "<group>"; };
		851DCFF62C4824B700A0E302 /* BudgetDetailVC.swift */ = {isa = PBXFileReference; lastKnownFileType = sourcecode.swift; path = BudgetDetailVC.swift; sourceTree = "<group>"; };
		851DCFF82C48823400A0E302 /* KeyboardHandler.swift */ = {isa = PBXFileReference; lastKnownFileType = sourcecode.swift; path = KeyboardHandler.swift; sourceTree = "<group>"; };
		851DCFFA2C4AAD8400A0E302 /* Budgeting Application.app */ = {isa = PBXFileReference; explicitFileType = wrapper.application; includeInIndex = 0; path = "Budgeting Application.app"; sourceTree = BUILT_PRODUCTS_DIR; };
		851DCFFC2C4AB85E00A0E302 /* OnBoardingView.swift */ = {isa = PBXFileReference; lastKnownFileType = sourcecode.swift; path = OnBoardingView.swift; sourceTree = "<group>"; };
		851DD0052C4ACBA300A0E302 /* OnBoardingAnimation.json */ = {isa = PBXFileReference; fileEncoding = 4; lastKnownFileType = text.json; path = OnBoardingAnimation.json; sourceTree = "<group>"; };
		8534F9272C4C11B1004EB309 /* CircularProgressView.swift */ = {isa = PBXFileReference; lastKnownFileType = sourcecode.swift; path = CircularProgressView.swift; sourceTree = "<group>"; };
		8534F92A2C4D889E004EB309 /* DataDeletion.swift */ = {isa = PBXFileReference; lastKnownFileType = sourcecode.swift; path = DataDeletion.swift; sourceTree = "<group>"; };
		853A3D782C3592C20042A0A4 /* Info.plist */ = {isa = PBXFileReference; lastKnownFileType = text.plist.xml; path = Info.plist; sourceTree = "<group>"; };
		853A3D842C3593A40042A0A4 /* AppDelegate.swift */ = {isa = PBXFileReference; fileEncoding = 4; lastKnownFileType = sourcecode.swift; path = AppDelegate.swift; sourceTree = "<group>"; };
		853A3D852C3593A40042A0A4 /* SceneDelegate.swift */ = {isa = PBXFileReference; fileEncoding = 4; lastKnownFileType = sourcecode.swift; path = SceneDelegate.swift; sourceTree = "<group>"; };
		853A3D862C3593A40042A0A4 /* TabBarController.swift */ = {isa = PBXFileReference; fileEncoding = 4; lastKnownFileType = sourcecode.swift; path = TabBarController.swift; sourceTree = "<group>"; };
		853A3D882C3593A40042A0A4 /* Assets.xcassets */ = {isa = PBXFileReference; lastKnownFileType = folder.assetcatalog; path = Assets.xcassets; sourceTree = "<group>"; };
		853A3D892C3593A40042A0A4 /* Base */ = {isa = PBXFileReference; lastKnownFileType = file.storyboard; name = Base; path = Base.lproj/LaunchScreen.storyboard; sourceTree = "<group>"; };
		853A3D912C3593A40042A0A4 /* BudgetView.swift */ = {isa = PBXFileReference; fileEncoding = 4; lastKnownFileType = sourcecode.swift; path = BudgetView.swift; sourceTree = "<group>"; };
		853A3D922C3593A40042A0A4 /* NavigationRectangle.swift */ = {isa = PBXFileReference; fileEncoding = 4; lastKnownFileType = sourcecode.swift; path = NavigationRectangle.swift; sourceTree = "<group>"; };
		853A3D932C3593A40042A0A4 /* SubscriptionCell.swift */ = {isa = PBXFileReference; fileEncoding = 4; lastKnownFileType = sourcecode.swift; path = SubscriptionCell.swift; sourceTree = "<group>"; };
		853A3D952C3593A40042A0A4 /* DashboardViewController.swift */ = {isa = PBXFileReference; fileEncoding = 4; lastKnownFileType = sourcecode.swift; path = DashboardViewController.swift; sourceTree = "<group>"; };
		853A3D962C3593A40042A0A4 /* DashboardViewModel.swift */ = {isa = PBXFileReference; fileEncoding = 4; lastKnownFileType = sourcecode.swift; path = DashboardViewModel.swift; sourceTree = "<group>"; };
		853A3D982C3593A40042A0A4 /* AddSubscriptionVC.swift */ = {isa = PBXFileReference; fileEncoding = 4; lastKnownFileType = sourcecode.swift; path = AddSubscriptionVC.swift; sourceTree = "<group>"; };
		853A3D9A2C3593A40042A0A4 /* AddBudgetsVC.swift */ = {isa = PBXFileReference; fileEncoding = 4; lastKnownFileType = sourcecode.swift; path = AddBudgetsVC.swift; sourceTree = "<group>"; };
		853A3D9D2C3593A40042A0A4 /* RecurringView.swift */ = {isa = PBXFileReference; fileEncoding = 4; lastKnownFileType = sourcecode.swift; path = RecurringView.swift; sourceTree = "<group>"; };
		853A3D9E2C3593A40042A0A4 /* RecurringViewModel.swift */ = {isa = PBXFileReference; fileEncoding = 4; lastKnownFileType = sourcecode.swift; path = RecurringViewModel.swift; sourceTree = "<group>"; };
		853A3DA12C3593A40042A0A4 /* BasicExpenseBudgetModel.swift */ = {isa = PBXFileReference; fileEncoding = 4; lastKnownFileType = sourcecode.swift; path = BasicExpenseBudgetModel.swift; sourceTree = "<group>"; };
		853A3DA22C3593A40042A0A4 /* BasicExpenseModel.swift */ = {isa = PBXFileReference; fileEncoding = 4; lastKnownFileType = sourcecode.swift; path = BasicExpenseModel.swift; sourceTree = "<group>"; };
		853A3DA32C3593A40042A0A4 /* SubscriptionExpenseModel.swift */ = {isa = PBXFileReference; fileEncoding = 4; lastKnownFileType = sourcecode.swift; path = SubscriptionExpenseModel.swift; sourceTree = "<group>"; };
		853A3DA52C3593A40042A0A4 /* DataManager.swift */ = {isa = PBXFileReference; fileEncoding = 4; lastKnownFileType = sourcecode.swift; path = DataManager.swift; sourceTree = "<group>"; };
		853A3DA62C3593A40042A0A4 /* Subscription Occurances.swift */ = {isa = PBXFileReference; fileEncoding = 4; lastKnownFileType = sourcecode.swift; path = "Subscription Occurances.swift"; sourceTree = "<group>"; };
		853A3DBE2C35CBDA0042A0A4 /* PaymentExpenseModel.swift */ = {isa = PBXFileReference; lastKnownFileType = sourcecode.swift; path = PaymentExpenseModel.swift; sourceTree = "<group>"; };
		853A3DC02C35CD190042A0A4 /* Payment Occurances.swift */ = {isa = PBXFileReference; lastKnownFileType = sourcecode.swift; path = "Payment Occurances.swift"; sourceTree = "<group>"; };
		853A3DC22C35CF3E0042A0A4 /* ViewModel.swift */ = {isa = PBXFileReference; lastKnownFileType = sourcecode.swift; path = ViewModel.swift; sourceTree = "<group>"; };
		853A3DC42C35D1030042A0A4 /* BudgetsViewController.swift */ = {isa = PBXFileReference; lastKnownFileType = sourcecode.swift; path = BudgetsViewController.swift; sourceTree = "<group>"; };
		853A3DC62C35D22D0042A0A4 /* Expense:Budget service.swift */ = {isa = PBXFileReference; lastKnownFileType = sourcecode.swift; path = "Expense:Budget service.swift"; sourceTree = "<group>"; };
		853A3DC92C35DC210042A0A4 /* BudgetDetailViewController.swift */ = {isa = PBXFileReference; lastKnownFileType = sourcecode.swift; path = BudgetDetailViewController.swift; sourceTree = "<group>"; };
		853A3DCC2C35E4F00042A0A4 /* CustomBudgetCell.swift */ = {isa = PBXFileReference; lastKnownFileType = sourcecode.swift; path = CustomBudgetCell.swift; sourceTree = "<group>"; };
		853A3DCE2C35E84D0042A0A4 /* NumberFormatter.swift */ = {isa = PBXFileReference; lastKnownFileType = sourcecode.swift; path = NumberFormatter.swift; sourceTree = "<group>"; };
		853A3DD02C35F6460042A0A4 /* UIColor.swift */ = {isa = PBXFileReference; lastKnownFileType = sourcecode.swift; path = UIColor.swift; sourceTree = "<group>"; };
		853A3DD22C35F66A0042A0A4 /* Color.swift */ = {isa = PBXFileReference; lastKnownFileType = sourcecode.swift; path = Color.swift; sourceTree = "<group>"; };
		853A3DD42C35FC990042A0A4 /* SegmentedControlView.swift */ = {isa = PBXFileReference; lastKnownFileType = sourcecode.swift; path = SegmentedControlView.swift; sourceTree = "<group>"; };
		853A3DD82C360B7C0042A0A4 /* ExpensesViewController.swift */ = {isa = PBXFileReference; lastKnownFileType = sourcecode.swift; path = ExpensesViewController.swift; sourceTree = "<group>"; };
		85835EC02C402CDD0007F180 /* CalendarViewController.swift */ = {isa = PBXFileReference; lastKnownFileType = sourcecode.swift; path = CalendarViewController.swift; sourceTree = "<group>"; };
		85835EC22C402CE60007F180 /* CalendarViewModel.swift */ = {isa = PBXFileReference; lastKnownFileType = sourcecode.swift; path = CalendarViewModel.swift; sourceTree = "<group>"; };
		85835EC62C407B0A0007F180 /* CalendarTableViewCell.swift */ = {isa = PBXFileReference; lastKnownFileType = sourcecode.swift; path = CalendarTableViewCell.swift; sourceTree = "<group>"; };
		85835EC82C41A25E0007F180 /* Montserrat-Medium.ttf */ = {isa = PBXFileReference; lastKnownFileType = file; path = "Montserrat-Medium.ttf"; sourceTree = "<group>"; };
		85835ECD2C41A7E70007F180 /* LoginView.swift */ = {isa = PBXFileReference; lastKnownFileType = sourcecode.swift; path = LoginView.swift; sourceTree = "<group>"; };
		85835ECF2C41A7F20007F180 /* LoginViewModel.swift */ = {isa = PBXFileReference; lastKnownFileType = sourcecode.swift; path = LoginViewModel.swift; sourceTree = "<group>"; };
		85835EDB2C42E1470007F180 /* TimeModels.swift */ = {isa = PBXFileReference; lastKnownFileType = sourcecode.swift; path = TimeModels.swift; sourceTree = "<group>"; };
		85835EDE2C42E1A00007F180 /* BasicExpense.swift */ = {isa = PBXFileReference; lastKnownFileType = sourcecode.swift; path = BasicExpense.swift; sourceTree = "<group>"; };
		85835EE02C42E1D20007F180 /* SubscriptionExpense.swift */ = {isa = PBXFileReference; lastKnownFileType = sourcecode.swift; path = SubscriptionExpense.swift; sourceTree = "<group>"; };
		85835EE22C42E1FB0007F180 /* BankPaymentExpense.swift */ = {isa = PBXFileReference; lastKnownFileType = sourcecode.swift; path = BankPaymentExpense.swift; sourceTree = "<group>"; };
		85835EE52C42E3570007F180 /* SubscriptionOccurrence.swift */ = {isa = PBXFileReference; lastKnownFileType = sourcecode.swift; path = SubscriptionOccurrence.swift; sourceTree = "<group>"; };
		85835EE72C42E44E0007F180 /* PaymentOccurrence.swift */ = {isa = PBXFileReference; lastKnownFileType = sourcecode.swift; path = PaymentOccurrence.swift; sourceTree = "<group>"; };
		85835EE92C42E67A0007F180 /* Alert.swift */ = {isa = PBXFileReference; lastKnownFileType = sourcecode.swift; path = Alert.swift; sourceTree = "<group>"; };
		85835F282C4533460007F180 /* LaunchScreenViewController.swift */ = {isa = PBXFileReference; lastKnownFileType = sourcecode.swift; path = LaunchScreenViewController.swift; sourceTree = "<group>"; };
		85835F2B2C457C3D0007F180 /* SettingsView.swift */ = {isa = PBXFileReference; lastKnownFileType = sourcecode.swift; path = SettingsView.swift; sourceTree = "<group>"; };
		85835F2D2C457C430007F180 /* SettingsViewModel.swift */ = {isa = PBXFileReference; lastKnownFileType = sourcecode.swift; path = SettingsViewModel.swift; sourceTree = "<group>"; };
		859862842C6FD6A300B79C3C /* Model.xcdatamodel */ = {isa = PBXFileReference; lastKnownFileType = wrapper.xcdatamodel; path = Model.xcdatamodel; sourceTree = "<group>"; };
		85B85B042C36D83100AAD046 /* AddExpenseVC.swift */ = {isa = PBXFileReference; lastKnownFileType = sourcecode.swift; path = AddExpenseVC.swift; sourceTree = "<group>"; };
		85B85B062C36DB4C00AAD046 /* CustomExpenseCell.swift */ = {isa = PBXFileReference; lastKnownFileType = sourcecode.swift; path = CustomExpenseCell.swift; sourceTree = "<group>"; };
		85B85B082C36FC9400AAD046 /* FavoriteBudgetsModel.swift */ = {isa = PBXFileReference; lastKnownFileType = sourcecode.swift; path = FavoriteBudgetsModel.swift; sourceTree = "<group>"; };
		85B85B0C2C38A54A00AAD046 /* BorderLabelView.swift */ = {isa = PBXFileReference; lastKnownFileType = sourcecode.swift; path = BorderLabelView.swift; sourceTree = "<group>"; };
		85B85B112C38ACFF00AAD046 /* Heebo-SemiBold.ttf */ = {isa = PBXFileReference; lastKnownFileType = file; path = "Heebo-SemiBold.ttf"; sourceTree = "<group>"; };
		85B85B2F2C3AE06800AAD046 /* AddPaymentVC.swift */ = {isa = PBXFileReference; lastKnownFileType = sourcecode.swift; path = AddPaymentVC.swift; sourceTree = "<group>"; };
		85B85B312C3B308200AAD046 /* DaySuffix.swift */ = {isa = PBXFileReference; lastKnownFileType = sourcecode.swift; path = DaySuffix.swift; sourceTree = "<group>"; };
		85B85B332C3C2E1900AAD046 /* BankPaymentCell.swift */ = {isa = PBXFileReference; lastKnownFileType = sourcecode.swift; path = BankPaymentCell.swift; sourceTree = "<group>"; };
		85B85B352C3DFBDD00AAD046 /* ChesnaGrotesk-Regular.ttf */ = {isa = PBXFileReference; lastKnownFileType = file; path = "ChesnaGrotesk-Regular.ttf"; sourceTree = "<group>"; };
		85B85B372C3DFD2000AAD046 /* ChesnaGrotesk-Bold.ttf */ = {isa = PBXFileReference; lastKnownFileType = file; path = "ChesnaGrotesk-Bold.ttf"; sourceTree = "<group>"; };
		85B85B392C3DFD7F00AAD046 /* ChesnaGrotesk-Medium.ttf */ = {isa = PBXFileReference; lastKnownFileType = file; path = "ChesnaGrotesk-Medium.ttf"; sourceTree = "<group>"; };
/* End PBXFileReference section */

/* Begin PBXFrameworksBuildPhase section */
		853A3D642C3592BF0042A0A4 /* Frameworks */ = {
			isa = PBXFrameworksBuildPhase;
			buildActionMask = 2147483647;
			files = (
				851DCFD32C46591300A0E302 /* DGCharts in Frameworks */,
				851DD0022C4AC7E600A0E302 /* Lottie in Frameworks */,
			);
			runOnlyForDeploymentPostprocessing = 0;
		};
/* End PBXFrameworksBuildPhase section */

/* Begin PBXGroup section */
		851DCFD42C4672CD00A0E302 /* Helper Views */ = {
			isa = PBXGroup;
			children = (
				851DCFF12C4808FC00A0E302 /* AboutPage */,
				851DCFE02C47F4C900A0E302 /* ChangeIcon */,
				851DCFDA2C4679EC00A0E302 /* ChangeName */,
				851DCFD52C4672D200A0E302 /* ChangePass */,
			);
			path = "Helper Views";
			sourceTree = "<group>";
		};
		851DCFD52C4672D200A0E302 /* ChangePass */ = {
			isa = PBXGroup;
			children = (
				851DCFD62C4672DF00A0E302 /* ChangePasswordView.swift */,
				851DCFD82C4672EC00A0E302 /* ChangePasswordVM.swift */,
			);
			path = ChangePass;
			sourceTree = "<group>";
		};
		851DCFDA2C4679EC00A0E302 /* ChangeName */ = {
			isa = PBXGroup;
			children = (
				851DCFDB2C4679F300A0E302 /* ChangeNameView.swift */,
			);
			path = ChangeName;
			sourceTree = "<group>";
		};
		851DCFDD2C47F45C00A0E302 /* App Icons */ = {
			isa = PBXGroup;
			children = (
				851DCFE92C47FF3700A0E302 /* Default Dark Mode.png */,
				851DCFE72C47FF3700A0E302 /* Green Dark Mode.png */,
				851DCFE52C47FF3600A0E302 /* Green Icon.png */,
				851DCFE62C47FF3700A0E302 /* Orange Icon.png */,
				851DCFEA2C47FF3700A0E302 /* Purple Dark Mode.png */,
				851DCFE82C47FF3700A0E302 /* Purple Icon.png */,
			);
			path = "App Icons";
			sourceTree = "<group>";
		};
		851DCFE02C47F4C900A0E302 /* ChangeIcon */ = {
			isa = PBXGroup;
			children = (
				851DCFE12C47F4DD00A0E302 /* ChangeIconView.swift */,
				851DCFE32C47F6A600A0E302 /* ChangeIconViewModel.swift */,
			);
			path = ChangeIcon;
			sourceTree = "<group>";
		};
		851DCFF12C4808FC00A0E302 /* AboutPage */ = {
			isa = PBXGroup;
			children = (
				851DCFF22C48090400A0E302 /* AboutView.swift */,
			);
			path = AboutPage;
			sourceTree = "<group>";
		};
		851DCFFB2C4AB85300A0E302 /* OnBoarding */ = {
			isa = PBXGroup;
			children = (
				851DCFFC2C4AB85E00A0E302 /* OnBoardingView.swift */,
			);
			path = OnBoarding;
			sourceTree = "<group>";
		};
		853A3D5E2C3592BF0042A0A4 = {
			isa = PBXGroup;
			children = (
				853A3D692C3592BF0042A0A4 /* Budgeting Application */,
				851DCFFA2C4AAD8400A0E302 /* Budgeting Application.app */,
			);
			sourceTree = "<group>";
		};
		853A3D692C3592BF0042A0A4 /* Budgeting Application */ = {
			isa = PBXGroup;
			children = (
				8598627F2C6FD64E00B79C3C /* Core Data */,
				853A3D872C3593A40042A0A4 /* App */,
				853A3D7F2C3593A40042A0A4 /* Models */,
				853A3DA02C3593A40042A0A4 /* Scene */,
				853A3DA72C3593A40042A0A4 /* Services */,
				853A3D8D2C3593A40042A0A4 /* Resources */,
				853A3D802C3593A40042A0A4 /* Reusable */,
				853A3D8E2C3593A40042A0A4 /* Extensions */,
			);
			path = "Budgeting Application";
			sourceTree = "<group>";
		};
		853A3D7F2C3593A40042A0A4 /* Models */ = {
			isa = PBXGroup;
			children = (
				85835EE42C42E3430007F180 /* Occurrences */,
				85835EDD2C42E1820007F180 /* Expense Categories */,
				853A3DA42C3593A40042A0A4 /* CoreData Models */,
				85835EDB2C42E1470007F180 /* TimeModels.swift */,
			);
			path = Models;
			sourceTree = "<group>";
		};
		853A3D802C3593A40042A0A4 /* Reusable */ = {
			isa = PBXGroup;
			children = (
				853A3D912C3593A40042A0A4 /* BudgetView.swift */,
				853A3D922C3593A40042A0A4 /* NavigationRectangle.swift */,
				85B85B0C2C38A54A00AAD046 /* BorderLabelView.swift */,
				853A3DD42C35FC990042A0A4 /* SegmentedControlView.swift */,
				85835EE92C42E67A0007F180 /* Alert.swift */,
				8534F9272C4C11B1004EB309 /* CircularProgressView.swift */,
				8534F92A2C4D889E004EB309 /* DataDeletion.swift */,
			);
			path = Reusable;
			sourceTree = "<group>";
		};
		853A3D872C3593A40042A0A4 /* App */ = {
			isa = PBXGroup;
			children = (
				853A3D842C3593A40042A0A4 /* AppDelegate.swift */,
				853A3D852C3593A40042A0A4 /* SceneDelegate.swift */,
			);
			path = App;
			sourceTree = "<group>";
		};
		853A3D8D2C3593A40042A0A4 /* Resources */ = {
			isa = PBXGroup;
			children = (
				851DCFDD2C47F45C00A0E302 /* App Icons */,
				85B85B0E2C38AB5600AAD046 /* Fonts */,
				851DD0052C4ACBA300A0E302 /* OnBoardingAnimation.json */,
				853A3D882C3593A40042A0A4 /* Assets.xcassets */,
				853A3D8A2C3593A40042A0A4 /* LaunchScreen.storyboard */,
				853A3D782C3592C20042A0A4 /* Info.plist */,
			);
			path = Resources;
			sourceTree = "<group>";
		};
		853A3D8E2C3593A40042A0A4 /* Extensions */ = {
			isa = PBXGroup;
			children = (
				853A3DD02C35F6460042A0A4 /* UIColor.swift */,
				853A3DD22C35F66A0042A0A4 /* Color.swift */,
				851DCFF42C480D4000A0E302 /* UITabBar.swift */,
				851DCFF82C48823400A0E302 /* KeyboardHandler.swift */,
			);
			path = Extensions;
			sourceTree = "<group>";
		};
		853A3D8F2C3593A40042A0A4 /* Budgets */ = {
			isa = PBXGroup;
			children = (
				853A3DC42C35D1030042A0A4 /* BudgetsViewController.swift */,
				853A3DD82C360B7C0042A0A4 /* ExpensesViewController.swift */,
				853A3DC22C35CF3E0042A0A4 /* ViewModel.swift */,
				853A3DCB2C35E4E50042A0A4 /* Table View Cells */,
				853A3DC82C35DC140042A0A4 /* Detail Views */,
			);
			path = Budgets;
			sourceTree = "<group>";
		};
		853A3D942C3593A40042A0A4 /* Collection View Cells */ = {
			isa = PBXGroup;
			children = (
				853A3D932C3593A40042A0A4 /* SubscriptionCell.swift */,
				85B85B332C3C2E1900AAD046 /* BankPaymentCell.swift */,
			);
			path = "Collection View Cells";
			sourceTree = "<group>";
		};
		853A3D972C3593A40042A0A4 /* Dashboard */ = {
			isa = PBXGroup;
			children = (
				853A3D952C3593A40042A0A4 /* DashboardViewController.swift */,
				853A3D962C3593A40042A0A4 /* DashboardViewModel.swift */,
				853A3D942C3593A40042A0A4 /* Collection View Cells */,
			);
			path = Dashboard;
			sourceTree = "<group>";
		};
		853A3D9C2C3593A40042A0A4 /* Minor Scenes */ = {
			isa = PBXGroup;
			children = (
				85B85B2F2C3AE06800AAD046 /* AddPaymentVC.swift */,
				853A3D982C3593A40042A0A4 /* AddSubscriptionVC.swift */,
				853A3D9A2C3593A40042A0A4 /* AddBudgetsVC.swift */,
				85B85B042C36D83100AAD046 /* AddExpenseVC.swift */,
				851DCFF62C4824B700A0E302 /* BudgetDetailVC.swift */,
			);
			path = "Minor Scenes";
			sourceTree = "<group>";
		};
		853A3D9F2C3593A40042A0A4 /* Recurring */ = {
			isa = PBXGroup;
			children = (
				853A3D9D2C3593A40042A0A4 /* RecurringView.swift */,
				853A3D9E2C3593A40042A0A4 /* RecurringViewModel.swift */,
			);
			path = Recurring;
			sourceTree = "<group>";
		};
		853A3DA02C3593A40042A0A4 /* Scene */ = {
			isa = PBXGroup;
			children = (
				85835F272C4533220007F180 /* Launch Screen */,
				851DCFFB2C4AB85300A0E302 /* OnBoarding */,
				85835ECC2C41A7AE0007F180 /* Login */,
				85835EC42C402D3D0007F180 /* TabBarController */,
				85835F2A2C457C310007F180 /* Settings */,
				85835EBF2C402CCE0007F180 /* Calendar */,
				853A3D8F2C3593A40042A0A4 /* Budgets */,
				853A3D972C3593A40042A0A4 /* Dashboard */,
				853A3D9F2C3593A40042A0A4 /* Recurring */,
				853A3D9C2C3593A40042A0A4 /* Minor Scenes */,
			);
			path = Scene;
			sourceTree = "<group>";
		};
		853A3DA42C3593A40042A0A4 /* CoreData Models */ = {
			isa = PBXGroup;
			children = (
				853A3DA12C3593A40042A0A4 /* BasicExpenseBudgetModel.swift */,
				853A3DA22C3593A40042A0A4 /* BasicExpenseModel.swift */,
				853A3DA32C3593A40042A0A4 /* SubscriptionExpenseModel.swift */,
				853A3DBE2C35CBDA0042A0A4 /* PaymentExpenseModel.swift */,
				85B85B082C36FC9400AAD046 /* FavoriteBudgetsModel.swift */,
			);
			path = "CoreData Models";
			sourceTree = "<group>";
		};
		853A3DA72C3593A40042A0A4 /* Services */ = {
			isa = PBXGroup;
			children = (
				85B85B0B2C3718BA00AAD046 /* Occurances */,
				853A3DA52C3593A40042A0A4 /* DataManager.swift */,
				853A3DC62C35D22D0042A0A4 /* Expense:Budget service.swift */,
				853A3DCE2C35E84D0042A0A4 /* NumberFormatter.swift */,
				85B85B312C3B308200AAD046 /* DaySuffix.swift */,
			);
			path = Services;
			sourceTree = "<group>";
		};
		853A3DC82C35DC140042A0A4 /* Detail Views */ = {
			isa = PBXGroup;
			children = (
				853A3DC92C35DC210042A0A4 /* BudgetDetailViewController.swift */,
			);
			path = "Detail Views";
			sourceTree = "<group>";
		};
		853A3DCB2C35E4E50042A0A4 /* Table View Cells */ = {
			isa = PBXGroup;
			children = (
				853A3DCC2C35E4F00042A0A4 /* CustomBudgetCell.swift */,
				85B85B062C36DB4C00AAD046 /* CustomExpenseCell.swift */,
			);
			path = "Table View Cells";
			sourceTree = "<group>";
		};
		85835EBF2C402CCE0007F180 /* Calendar */ = {
			isa = PBXGroup;
			children = (
				85835EC02C402CDD0007F180 /* CalendarViewController.swift */,
				85835EC22C402CE60007F180 /* CalendarViewModel.swift */,
				85835EC52C407AF30007F180 /* Table View Cell */,
			);
			path = Calendar;
			sourceTree = "<group>";
		};
		85835EC42C402D3D0007F180 /* TabBarController */ = {
			isa = PBXGroup;
			children = (
				853A3D862C3593A40042A0A4 /* TabBarController.swift */,
			);
			path = TabBarController;
			sourceTree = "<group>";
		};
		85835EC52C407AF30007F180 /* Table View Cell */ = {
			isa = PBXGroup;
			children = (
				85835EC62C407B0A0007F180 /* CalendarTableViewCell.swift */,
			);
			path = "Table View Cell";
			sourceTree = "<group>";
		};
		85835ECC2C41A7AE0007F180 /* Login */ = {
			isa = PBXGroup;
			children = (
				85835ECD2C41A7E70007F180 /* LoginView.swift */,
				85835ECF2C41A7F20007F180 /* LoginViewModel.swift */,
			);
			path = Login;
			sourceTree = "<group>";
		};
		85835EDD2C42E1820007F180 /* Expense Categories */ = {
			isa = PBXGroup;
			children = (
				85835EDE2C42E1A00007F180 /* BasicExpense.swift */,
				85835EE02C42E1D20007F180 /* SubscriptionExpense.swift */,
				85835EE22C42E1FB0007F180 /* BankPaymentExpense.swift */,
			);
			path = "Expense Categories";
			sourceTree = "<group>";
		};
		85835EE42C42E3430007F180 /* Occurrences */ = {
			isa = PBXGroup;
			children = (
				85835EE52C42E3570007F180 /* SubscriptionOccurrence.swift */,
				85835EE72C42E44E0007F180 /* PaymentOccurrence.swift */,
			);
			path = Occurrences;
			sourceTree = "<group>";
		};
		85835F272C4533220007F180 /* Launch Screen */ = {
			isa = PBXGroup;
			children = (
				85835F282C4533460007F180 /* LaunchScreenViewController.swift */,
			);
			path = "Launch Screen";
			sourceTree = "<group>";
		};
		85835F2A2C457C310007F180 /* Settings */ = {
			isa = PBXGroup;
			children = (
				85835F2B2C457C3D0007F180 /* SettingsView.swift */,
				85835F2D2C457C430007F180 /* SettingsViewModel.swift */,
				851DCFD42C4672CD00A0E302 /* Helper Views */,
			);
			path = Settings;
			sourceTree = "<group>";
		};
		8598627F2C6FD64E00B79C3C /* Core Data */ = {
			isa = PBXGroup;
			children = (
				859862832C6FD6A300B79C3C /* Model.xcdatamodeld */,
			);
			path = "Core Data";
			sourceTree = "<group>";
		};
		85B85B0B2C3718BA00AAD046 /* Occurances */ = {
			isa = PBXGroup;
			children = (
				853A3DA62C3593A40042A0A4 /* Subscription Occurances.swift */,
				853A3DC02C35CD190042A0A4 /* Payment Occurances.swift */,
			);
			path = Occurances;
			sourceTree = "<group>";
		};
		85B85B0E2C38AB5600AAD046 /* Fonts */ = {
			isa = PBXGroup;
			children = (
				85835EC82C41A25E0007F180 /* Montserrat-Medium.ttf */,
				85B85B392C3DFD7F00AAD046 /* ChesnaGrotesk-Medium.ttf */,
				85B85B372C3DFD2000AAD046 /* ChesnaGrotesk-Bold.ttf */,
				85B85B352C3DFBDD00AAD046 /* ChesnaGrotesk-Regular.ttf */,
				85B85B112C38ACFF00AAD046 /* Heebo-SemiBold.ttf */,
			);
			path = Fonts;
			sourceTree = "<group>";
		};
/* End PBXGroup section */

/* Begin PBXNativeTarget section */
		853A3D662C3592BF0042A0A4 /* Budgeting Application */ = {
			isa = PBXNativeTarget;
			buildConfigurationList = 853A3D7B2C3592C20042A0A4 /* Build configuration list for PBXNativeTarget "Budgeting Application" */;
			buildPhases = (
				853A3D632C3592BF0042A0A4 /* Sources */,
				853A3D642C3592BF0042A0A4 /* Frameworks */,
				853A3D652C3592BF0042A0A4 /* Resources */,
				85835F052C4419E30007F180 /* Embed Foundation Extensions */,
				85AAEB912C45814F00C47952 /* Embed Frameworks */,
			);
			buildRules = (
			);
			dependencies = (
			);
			name = "Budgeting Application";
			packageProductDependencies = (
				851DCFD22C46591300A0E302 /* DGCharts */,
				851DD0012C4AC7E600A0E302 /* Lottie */,
			);
			productName = "Budgeting Application";
			productReference = 851DCFFA2C4AAD8400A0E302 /* Budgeting Application.app */;
			productType = "com.apple.product-type.application";
		};
/* End PBXNativeTarget section */

/* Begin PBXProject section */
		853A3D5F2C3592BF0042A0A4 /* Project object */ = {
			isa = PBXProject;
			attributes = {
				BuildIndependentTargetsInParallel = 1;
				LastSwiftUpdateCheck = 1530;
				LastUpgradeCheck = 1530;
				TargetAttributes = {
					853A3D662C3592BF0042A0A4 = {
						CreatedOnToolsVersion = 15.3;
					};
				};
			};
			buildConfigurationList = 853A3D622C3592BF0042A0A4 /* Build configuration list for PBXProject "Budgeting Application" */;
			compatibilityVersion = "Xcode 14.0";
			developmentRegion = en;
			hasScannedForEncodings = 0;
			knownRegions = (
				en,
				Base,
			);
			mainGroup = 853A3D5E2C3592BF0042A0A4;
			packageReferences = (
				851DCFD12C46591300A0E302 /* XCRemoteSwiftPackageReference "Charts" */,
				851DD0002C4AC7E600A0E302 /* XCRemoteSwiftPackageReference "lottie-spm" */,
			);
			productRefGroup = 853A3D5E2C3592BF0042A0A4;
			projectDirPath = "";
			projectRoot = "";
			targets = (
				853A3D662C3592BF0042A0A4 /* Budgeting Application */,
			);
		};
/* End PBXProject section */

/* Begin PBXResourcesBuildPhase section */
		853A3D652C3592BF0042A0A4 /* Resources */ = {
			isa = PBXResourcesBuildPhase;
			buildActionMask = 2147483647;
			files = (
				851DCFEF2C47FF3700A0E302 /* Default Dark Mode.png in Resources */,
				85B85B382C3DFD2000AAD046 /* ChesnaGrotesk-Bold.ttf in Resources */,
				851DCFEE2C47FF3700A0E302 /* Purple Icon.png in Resources */,
				853A3DAE2C3593A40042A0A4 /* LaunchScreen.storyboard in Resources */,
				851DCFEC2C47FF3700A0E302 /* Orange Icon.png in Resources */,
				853A3DAD2C3593A40042A0A4 /* Assets.xcassets in Resources */,
				85B85B3A2C3DFD7F00AAD046 /* ChesnaGrotesk-Medium.ttf in Resources */,
				851DCFED2C47FF3700A0E302 /* Green Dark Mode.png in Resources */,
				851DCFF02C47FF3700A0E302 /* Purple Dark Mode.png in Resources */,
				85B85B122C38ACFF00AAD046 /* Heebo-SemiBold.ttf in Resources */,
				851DD0062C4ACBA400A0E302 /* OnBoardingAnimation.json in Resources */,
				85B85B362C3DFBDD00AAD046 /* ChesnaGrotesk-Regular.ttf in Resources */,
				851DCFEB2C47FF3700A0E302 /* Green Icon.png in Resources */,
				85835ECA2C41A25E0007F180 /* Montserrat-Medium.ttf in Resources */,
			);
			runOnlyForDeploymentPostprocessing = 0;
		};
/* End PBXResourcesBuildPhase section */

/* Begin PBXSourcesBuildPhase section */
		853A3D632C3592BF0042A0A4 /* Sources */ = {
			isa = PBXSourcesBuildPhase;
			buildActionMask = 2147483647;
			files = (
				85835EE32C42E1FB0007F180 /* BankPaymentExpense.swift in Sources */,
				853A3DB92C3593A40042A0A4 /* BasicExpenseBudgetModel.swift in Sources */,
				853A3DD92C360B7C0042A0A4 /* ExpensesViewController.swift in Sources */,
				853A3DD12C35F6460042A0A4 /* UIColor.swift in Sources */,
				85835EE62C42E3570007F180 /* SubscriptionOccurrence.swift in Sources */,
				853A3DCA2C35DC210042A0A4 /* BudgetDetailViewController.swift in Sources */,
				851DCFE42C47F6A600A0E302 /* ChangeIconViewModel.swift in Sources */,
				85B85B092C36FC9400AAD046 /* FavoriteBudgetsModel.swift in Sources */,
				85835F292C4533470007F180 /* LaunchScreenViewController.swift in Sources */,
				85B85B0D2C38A54A00AAD046 /* BorderLabelView.swift in Sources */,
				8534F9282C4C11B1004EB309 /* CircularProgressView.swift in Sources */,
				8534F92B2C4D889E004EB309 /* DataDeletion.swift in Sources */,
				85835EDC2C42E1470007F180 /* TimeModels.swift in Sources */,
				85835EE82C42E44E0007F180 /* PaymentOccurrence.swift in Sources */,
				85835F2E2C457C430007F180 /* SettingsViewModel.swift in Sources */,
				853A3DAA2C3593A40042A0A4 /* AppDelegate.swift in Sources */,
				853A3DB42C3593A40042A0A4 /* DashboardViewModel.swift in Sources */,
				853A3DB32C3593A40042A0A4 /* DashboardViewController.swift in Sources */,
				85B85B052C36D83100AAD046 /* AddExpenseVC.swift in Sources */,
				853A3DB22C3593A40042A0A4 /* SubscriptionCell.swift in Sources */,
				851DCFD72C4672E000A0E302 /* ChangePasswordView.swift in Sources */,
				853A3DC72C35D22D0042A0A4 /* Expense:Budget service.swift in Sources */,
				85835F2C2C457C3D0007F180 /* SettingsView.swift in Sources */,
				853A3DAC2C3593A40042A0A4 /* TabBarController.swift in Sources */,
				85835EDF2C42E1A00007F180 /* BasicExpense.swift in Sources */,
				853A3DAB2C3593A40042A0A4 /* SceneDelegate.swift in Sources */,
				853A3DBD2C3593A40042A0A4 /* Subscription Occurances.swift in Sources */,
				853A3DD52C35FC990042A0A4 /* SegmentedControlView.swift in Sources */,
				851DCFE22C47F4DD00A0E302 /* ChangeIconView.swift in Sources */,
				853A3DB72C3593A40042A0A4 /* RecurringView.swift in Sources */,
				851DCFFD2C4AB85E00A0E302 /* OnBoardingView.swift in Sources */,
				85835EE12C42E1D20007F180 /* SubscriptionExpense.swift in Sources */,
				85B85B302C3AE06800AAD046 /* AddPaymentVC.swift in Sources */,
				85B85B342C3C2E1900AAD046 /* BankPaymentCell.swift in Sources */,
				85835EC72C407B0A0007F180 /* CalendarTableViewCell.swift in Sources */,
				851DCFF32C48090400A0E302 /* AboutView.swift in Sources */,
				85835ED02C41A7F20007F180 /* LoginViewModel.swift in Sources */,
				85835EEA2C42E67A0007F180 /* Alert.swift in Sources */,
				853A3DB52C3593A40042A0A4 /* AddSubscriptionVC.swift in Sources */,
				853A3DBC2C3593A40042A0A4 /* DataManager.swift in Sources */,
				853A3DC32C35CF3E0042A0A4 /* ViewModel.swift in Sources */,
				851DCFF72C4824B700A0E302 /* BudgetDetailVC.swift in Sources */,
				853A3DC12C35CD190042A0A4 /* Payment Occurances.swift in Sources */,
				85835EC12C402CDD0007F180 /* CalendarViewController.swift in Sources */,
				851DCFD92C4672EC00A0E302 /* ChangePasswordVM.swift in Sources */,
				85835EC32C402CE60007F180 /* CalendarViewModel.swift in Sources */,
				853A3DBA2C3593A40042A0A4 /* BasicExpenseModel.swift in Sources */,
				853A3DD32C35F66A0042A0A4 /* Color.swift in Sources */,
				853A3DCF2C35E84D0042A0A4 /* NumberFormatter.swift in Sources */,
				851DCFF52C480D4000A0E302 /* UITabBar.swift in Sources */,
				853A3DB02C3593A40042A0A4 /* BudgetView.swift in Sources */,
				85B85B322C3B308200AAD046 /* DaySuffix.swift in Sources */,
				853A3DB82C3593A40042A0A4 /* RecurringViewModel.swift in Sources */,
				853A3DB12C3593A40042A0A4 /* NavigationRectangle.swift in Sources */,
				851DCFDC2C4679F300A0E302 /* ChangeNameView.swift in Sources */,
				853A3DCD2C35E4F00042A0A4 /* CustomBudgetCell.swift in Sources */,
				851DCFF92C48823400A0E302 /* KeyboardHandler.swift in Sources */,
				85835ECE2C41A7E70007F180 /* LoginView.swift in Sources */,
				85B85B072C36DB4C00AAD046 /* CustomExpenseCell.swift in Sources */,
				853A3DC52C35D1030042A0A4 /* BudgetsViewController.swift in Sources */,
				853A3DB62C3593A40042A0A4 /* AddBudgetsVC.swift in Sources */,
				853A3DBB2C3593A40042A0A4 /* SubscriptionExpenseModel.swift in Sources */,
				853A3DBF2C35CBDA0042A0A4 /* PaymentExpenseModel.swift in Sources */,
			);
			runOnlyForDeploymentPostprocessing = 0;
		};
/* End PBXSourcesBuildPhase section */

/* Begin PBXVariantGroup section */
		853A3D8A2C3593A40042A0A4 /* LaunchScreen.storyboard */ = {
			isa = PBXVariantGroup;
			children = (
				853A3D892C3593A40042A0A4 /* Base */,
			);
			name = LaunchScreen.storyboard;
			sourceTree = "<group>";
		};
/* End PBXVariantGroup section */

/* Begin XCBuildConfiguration section */
		853A3D792C3592C20042A0A4 /* Debug */ = {
			isa = XCBuildConfiguration;
			buildSettings = {
				ALWAYS_SEARCH_USER_PATHS = NO;
				ASSETCATALOG_COMPILER_GENERATE_SWIFT_ASSET_SYMBOL_EXTENSIONS = YES;
				CLANG_ANALYZER_NONNULL = YES;
				CLANG_ANALYZER_NUMBER_OBJECT_CONVERSION = YES_AGGRESSIVE;
				CLANG_CXX_LANGUAGE_STANDARD = "gnu++20";
				CLANG_ENABLE_MODULES = YES;
				CLANG_ENABLE_OBJC_ARC = YES;
				CLANG_ENABLE_OBJC_WEAK = YES;
				CLANG_WARN_BLOCK_CAPTURE_AUTORELEASING = YES;
				CLANG_WARN_BOOL_CONVERSION = YES;
				CLANG_WARN_COMMA = YES;
				CLANG_WARN_CONSTANT_CONVERSION = YES;
				CLANG_WARN_DEPRECATED_OBJC_IMPLEMENTATIONS = YES;
				CLANG_WARN_DIRECT_OBJC_ISA_USAGE = YES_ERROR;
				CLANG_WARN_DOCUMENTATION_COMMENTS = YES;
				CLANG_WARN_EMPTY_BODY = YES;
				CLANG_WARN_ENUM_CONVERSION = YES;
				CLANG_WARN_INFINITE_RECURSION = YES;
				CLANG_WARN_INT_CONVERSION = YES;
				CLANG_WARN_NON_LITERAL_NULL_CONVERSION = YES;
				CLANG_WARN_OBJC_IMPLICIT_RETAIN_SELF = YES;
				CLANG_WARN_OBJC_LITERAL_CONVERSION = YES;
				CLANG_WARN_OBJC_ROOT_CLASS = YES_ERROR;
				CLANG_WARN_QUOTED_INCLUDE_IN_FRAMEWORK_HEADER = YES;
				CLANG_WARN_RANGE_LOOP_ANALYSIS = YES;
				CLANG_WARN_STRICT_PROTOTYPES = YES;
				CLANG_WARN_SUSPICIOUS_MOVE = YES;
				CLANG_WARN_UNGUARDED_AVAILABILITY = YES_AGGRESSIVE;
				CLANG_WARN_UNREACHABLE_CODE = YES;
				CLANG_WARN__DUPLICATE_METHOD_MATCH = YES;
				COPY_PHASE_STRIP = NO;
				DEBUG_INFORMATION_FORMAT = dwarf;
				ENABLE_STRICT_OBJC_MSGSEND = YES;
				ENABLE_TESTABILITY = YES;
				ENABLE_USER_SCRIPT_SANDBOXING = YES;
				GCC_C_LANGUAGE_STANDARD = gnu17;
				GCC_DYNAMIC_NO_PIC = NO;
				GCC_NO_COMMON_BLOCKS = YES;
				GCC_OPTIMIZATION_LEVEL = 0;
				GCC_PREPROCESSOR_DEFINITIONS = (
					"DEBUG=1",
					"$(inherited)",
				);
				GCC_WARN_64_TO_32_BIT_CONVERSION = YES;
				GCC_WARN_ABOUT_RETURN_TYPE = YES_ERROR;
				GCC_WARN_UNDECLARED_SELECTOR = YES;
				GCC_WARN_UNINITIALIZED_AUTOS = YES_AGGRESSIVE;
				GCC_WARN_UNUSED_FUNCTION = YES;
				GCC_WARN_UNUSED_VARIABLE = YES;
				IPHONEOS_DEPLOYMENT_TARGET = 16.0;
				LOCALIZATION_PREFERS_STRING_CATALOGS = YES;
				MTL_ENABLE_DEBUG_INFO = INCLUDE_SOURCE;
				MTL_FAST_MATH = YES;
				ONLY_ACTIVE_ARCH = YES;
				SDKROOT = iphoneos;
				SWIFT_ACTIVE_COMPILATION_CONDITIONS = "DEBUG $(inherited)";
				SWIFT_OPTIMIZATION_LEVEL = "-Onone";
			};
			name = Debug;
		};
		853A3D7A2C3592C20042A0A4 /* Release */ = {
			isa = XCBuildConfiguration;
			buildSettings = {
				ALWAYS_SEARCH_USER_PATHS = NO;
				ASSETCATALOG_COMPILER_GENERATE_SWIFT_ASSET_SYMBOL_EXTENSIONS = YES;
				CLANG_ANALYZER_NONNULL = YES;
				CLANG_ANALYZER_NUMBER_OBJECT_CONVERSION = YES_AGGRESSIVE;
				CLANG_CXX_LANGUAGE_STANDARD = "gnu++20";
				CLANG_ENABLE_MODULES = YES;
				CLANG_ENABLE_OBJC_ARC = YES;
				CLANG_ENABLE_OBJC_WEAK = YES;
				CLANG_WARN_BLOCK_CAPTURE_AUTORELEASING = YES;
				CLANG_WARN_BOOL_CONVERSION = YES;
				CLANG_WARN_COMMA = YES;
				CLANG_WARN_CONSTANT_CONVERSION = YES;
				CLANG_WARN_DEPRECATED_OBJC_IMPLEMENTATIONS = YES;
				CLANG_WARN_DIRECT_OBJC_ISA_USAGE = YES_ERROR;
				CLANG_WARN_DOCUMENTATION_COMMENTS = YES;
				CLANG_WARN_EMPTY_BODY = YES;
				CLANG_WARN_ENUM_CONVERSION = YES;
				CLANG_WARN_INFINITE_RECURSION = YES;
				CLANG_WARN_INT_CONVERSION = YES;
				CLANG_WARN_NON_LITERAL_NULL_CONVERSION = YES;
				CLANG_WARN_OBJC_IMPLICIT_RETAIN_SELF = YES;
				CLANG_WARN_OBJC_LITERAL_CONVERSION = YES;
				CLANG_WARN_OBJC_ROOT_CLASS = YES_ERROR;
				CLANG_WARN_QUOTED_INCLUDE_IN_FRAMEWORK_HEADER = YES;
				CLANG_WARN_RANGE_LOOP_ANALYSIS = YES;
				CLANG_WARN_STRICT_PROTOTYPES = YES;
				CLANG_WARN_SUSPICIOUS_MOVE = YES;
				CLANG_WARN_UNGUARDED_AVAILABILITY = YES_AGGRESSIVE;
				CLANG_WARN_UNREACHABLE_CODE = YES;
				CLANG_WARN__DUPLICATE_METHOD_MATCH = YES;
				COPY_PHASE_STRIP = NO;
				DEBUG_INFORMATION_FORMAT = "dwarf-with-dsym";
				ENABLE_NS_ASSERTIONS = NO;
				ENABLE_STRICT_OBJC_MSGSEND = YES;
				ENABLE_USER_SCRIPT_SANDBOXING = YES;
				GCC_C_LANGUAGE_STANDARD = gnu17;
				GCC_NO_COMMON_BLOCKS = YES;
				GCC_WARN_64_TO_32_BIT_CONVERSION = YES;
				GCC_WARN_ABOUT_RETURN_TYPE = YES_ERROR;
				GCC_WARN_UNDECLARED_SELECTOR = YES;
				GCC_WARN_UNINITIALIZED_AUTOS = YES_AGGRESSIVE;
				GCC_WARN_UNUSED_FUNCTION = YES;
				GCC_WARN_UNUSED_VARIABLE = YES;
				IPHONEOS_DEPLOYMENT_TARGET = 16.0;
				LOCALIZATION_PREFERS_STRING_CATALOGS = YES;
				MTL_ENABLE_DEBUG_INFO = NO;
				MTL_FAST_MATH = YES;
				SDKROOT = iphoneos;
				SWIFT_COMPILATION_MODE = wholemodule;
				VALIDATE_PRODUCT = YES;
			};
			name = Release;
		};
		853A3D7C2C3592C20042A0A4 /* Debug */ = {
			isa = XCBuildConfiguration;
			buildSettings = {
				ALWAYS_EMBED_SWIFT_STANDARD_LIBRARIES = YES;
				ASSETCATALOG_COMPILER_APPICON_NAME = AppIcon;
				ASSETCATALOG_COMPILER_GLOBAL_ACCENT_COLOR_NAME = AccentColor;
				CODE_SIGN_ENTITLEMENTS = "Budgeting Application/Budgeting Application.entitlements";
				CODE_SIGN_IDENTITY = "Apple Development";
				CODE_SIGN_STYLE = Automatic;
				CURRENT_PROJECT_VERSION = 1;
				DEVELOPMENT_TEAM = 9S26B8AV5C;
				GENERATE_INFOPLIST_FILE = YES;
				INFOPLIST_FILE = "Budgeting Application/Resources/Info.plist";
				INFOPLIST_KEY_CFBundleDisplayName = Budgeto;
				INFOPLIST_KEY_UIApplicationSupportsIndirectInputEvents = YES;
				INFOPLIST_KEY_UILaunchStoryboardName = LaunchScreen;
				INFOPLIST_KEY_UIStatusBarHidden = NO;
				INFOPLIST_KEY_UIStatusBarStyle = "";
				INFOPLIST_KEY_UISupportedInterfaceOrientations = UIInterfaceOrientationPortrait;
				IPHONEOS_DEPLOYMENT_TARGET = 16.0;
				LD_RUNPATH_SEARCH_PATHS = (
					"$(inherited)",
					"@executable_path/Frameworks",
				);
				MARKETING_VERSION = 1.0;
				PRODUCT_BUNDLE_IDENTIFIER = "com.yvelazeMagariKompania.ge.Budgeting-Application";
				PRODUCT_NAME = "$(TARGET_NAME)";
				PROVISIONING_PROFILE_SPECIFIER = "";
				SUPPORTED_PLATFORMS = "iphoneos iphonesimulator";
				SUPPORTS_MACCATALYST = NO;
				SUPPORTS_MAC_DESIGNED_FOR_IPHONE_IPAD = NO;
				SUPPORTS_XR_DESIGNED_FOR_IPHONE_IPAD = NO;
				SWIFT_EMIT_LOC_STRINGS = YES;
				SWIFT_VERSION = 5.0;
				TARGETED_DEVICE_FAMILY = 1;
			};
			name = Debug;
		};
		853A3D7D2C3592C20042A0A4 /* Release */ = {
			isa = XCBuildConfiguration;
			buildSettings = {
				ALWAYS_EMBED_SWIFT_STANDARD_LIBRARIES = YES;
				ASSETCATALOG_COMPILER_APPICON_NAME = AppIcon;
				ASSETCATALOG_COMPILER_GLOBAL_ACCENT_COLOR_NAME = AccentColor;
				CODE_SIGN_ENTITLEMENTS = "Budgeting Application/Budgeting Application.entitlements";
				CODE_SIGN_IDENTITY = "Apple Development";
				CODE_SIGN_STYLE = Automatic;
				CURRENT_PROJECT_VERSION = 1;
				DEVELOPMENT_TEAM = 9S26B8AV5C;
				GENERATE_INFOPLIST_FILE = YES;
				INFOPLIST_FILE = "Budgeting Application/Resources/Info.plist";
				INFOPLIST_KEY_CFBundleDisplayName = Budgeto;
				INFOPLIST_KEY_UIApplicationSupportsIndirectInputEvents = YES;
				INFOPLIST_KEY_UILaunchStoryboardName = LaunchScreen;
				INFOPLIST_KEY_UIStatusBarHidden = NO;
				INFOPLIST_KEY_UIStatusBarStyle = "";
				INFOPLIST_KEY_UISupportedInterfaceOrientations = UIInterfaceOrientationPortrait;
				IPHONEOS_DEPLOYMENT_TARGET = 16.0;
				LD_RUNPATH_SEARCH_PATHS = (
					"$(inherited)",
					"@executable_path/Frameworks",
				);
				MARKETING_VERSION = 1.0;
				PRODUCT_BUNDLE_IDENTIFIER = "com.yvelazeMagariKompania.ge.Budgeting-Application";
				PRODUCT_NAME = "$(TARGET_NAME)";
				PROVISIONING_PROFILE_SPECIFIER = "";
				SUPPORTED_PLATFORMS = "iphoneos iphonesimulator";
				SUPPORTS_MACCATALYST = NO;
				SUPPORTS_MAC_DESIGNED_FOR_IPHONE_IPAD = NO;
				SUPPORTS_XR_DESIGNED_FOR_IPHONE_IPAD = NO;
				SWIFT_EMIT_LOC_STRINGS = YES;
				SWIFT_VERSION = 5.0;
				TARGETED_DEVICE_FAMILY = 1;
			};
			name = Release;
		};
/* End XCBuildConfiguration section */

/* Begin XCConfigurationList section */
		853A3D622C3592BF0042A0A4 /* Build configuration list for PBXProject "Budgeting Application" */ = {
			isa = XCConfigurationList;
			buildConfigurations = (
				853A3D792C3592C20042A0A4 /* Debug */,
				853A3D7A2C3592C20042A0A4 /* Release */,
			);
			defaultConfigurationIsVisible = 0;
			defaultConfigurationName = Release;
		};
		853A3D7B2C3592C20042A0A4 /* Build configuration list for PBXNativeTarget "Budgeting Application" */ = {
			isa = XCConfigurationList;
			buildConfigurations = (
				853A3D7C2C3592C20042A0A4 /* Debug */,
				853A3D7D2C3592C20042A0A4 /* Release */,
			);
			defaultConfigurationIsVisible = 0;
			defaultConfigurationName = Release;
		};
/* End XCConfigurationList section */

/* Begin XCRemoteSwiftPackageReference section */
		851DCFD12C46591300A0E302 /* XCRemoteSwiftPackageReference "Charts" */ = {
			isa = XCRemoteSwiftPackageReference;
			repositoryURL = "https://github.com/danielgindi/Charts.git";
			requirement = {
				kind = upToNextMajorVersion;
				minimumVersion = 5.1.0;
			};
		};
		851DD0002C4AC7E600A0E302 /* XCRemoteSwiftPackageReference "lottie-spm" */ = {
			isa = XCRemoteSwiftPackageReference;
			repositoryURL = "https://github.com/airbnb/lottie-spm.git";
			requirement = {
				kind = upToNextMajorVersion;
				minimumVersion = 4.5.0;
			};
		};
/* End XCRemoteSwiftPackageReference section */

/* Begin XCSwiftPackageProductDependency section */
		851DCFD22C46591300A0E302 /* DGCharts */ = {
			isa = XCSwiftPackageProductDependency;
			package = 851DCFD12C46591300A0E302 /* XCRemoteSwiftPackageReference "Charts" */;
			productName = DGCharts;
		};
		851DD0012C4AC7E600A0E302 /* Lottie */ = {
			isa = XCSwiftPackageProductDependency;
			package = 851DD0002C4AC7E600A0E302 /* XCRemoteSwiftPackageReference "lottie-spm" */;
			productName = Lottie;
		};
/* End XCSwiftPackageProductDependency section */

/* Begin XCVersionGroup section */
		859862832C6FD6A300B79C3C /* Model.xcdatamodeld */ = {
			isa = XCVersionGroup;
			children = (
				859862842C6FD6A300B79C3C /* Model.xcdatamodel */,
			);
			currentVersion = 859862842C6FD6A300B79C3C /* Model.xcdatamodel */;
			name = Model.xcdatamodeld;
			path = "/Users/lukagujejiani/Desktop/BudgetingApplicationV3/Budgeting Application/Core Data/Model.xcdatamodeld";
			sourceTree = "<group>";
			versionGroupType = wrapper.xcdatamodel;
		};
/* End XCVersionGroup section */
	};
	rootObject = 853A3D5F2C3592BF0042A0A4 /* Project object */;
}
